
Microsoft Visual Studio Solution File, Format Version 12.00
# Visual Studio Version 17
VisualStudioVersion = 17.0.31717.71
MinimumVisualStudioVersion = 10.0.40219.1
Project("{2150E333-8FDC-42A3-9474-1A3956D46DE8}") = "Core", "Core", "{7E4532E6-7928-4E6F-8874-15482508447F}"
EndProject
Project("{9A19103F-16F7-4668-BE54-9A1E7A4F7556}") = "Pixel.Automation.Core", "src\Pixel.Automation.Core\Pixel.Automation.Core.csproj", "{0B9D2BD0-2193-4FB0-A939-79B0AED2467F}"
EndProject
Project("{9A19103F-16F7-4668-BE54-9A1E7A4F7556}") = "Pixel.Automation.Core.Components", "src\Pixel.Automation.Core.Components\Pixel.Automation.Core.Components.csproj", "{93B51CBC-F5DA-4303-85BD-EF1CDECAA612}"
EndProject
Project("{9A19103F-16F7-4668-BE54-9A1E7A4F7556}") = "Pixel.Automation.Scripting.Components", "src\Pixel.Automation.Scripting.Components\Pixel.Automation.Scripting.Components.csproj", "{83FA1304-3CE4-4709-8DC4-ABC542A46F64}"
EndProject
Project("{9A19103F-16F7-4668-BE54-9A1E7A4F7556}") = "Pixel.Automation.RunTime", "src\Pixel.Automation.RunTime\Pixel.Automation.RunTime.csproj", "{00A9F1A9-7C66-45F4-B3C4-B26FA63ABB33}"
EndProject
Project("{2150E333-8FDC-42A3-9474-1A3956D46DE8}") = "Scripting", "Scripting", "{4E906FCE-BF6F-44B0-8E8D-C3F6AFEE6874}"
EndProject
Project("{9A19103F-16F7-4668-BE54-9A1E7A4F7556}") = "Pixel.Scripting.CodeGeneration", "src\Pixel.Scripting.CodeGeneration\Pixel.Scripting.CodeGeneration.csproj", "{3A89EAE8-84BB-4E58-B74A-AB6BC34219F3}"
EndProject
Project("{9A19103F-16F7-4668-BE54-9A1E7A4F7556}") = "Pixel.Scripting.Common.CSharp", "src\Pixel.Scripting.Common.CSharp\Pixel.Scripting.Common.CSharp.csproj", "{3E19F3B1-253D-43F2-9AA6-41DDE1E0787E}"
EndProject
Project("{9A19103F-16F7-4668-BE54-9A1E7A4F7556}") = "Pixel.Scripting.Engine.CSharp", "src\Pixel.Scripting.Engine.CSharp\Pixel.Scripting.Engine.CSharp.csproj", "{C9D49D56-C3B7-48C0-9FF7-83392A31A302}"
EndProject
Project("{2150E333-8FDC-42A3-9474-1A3956D46DE8}") = "UI", "UI", "{2A028EC5-0824-4120-91A0-988F6AADE81C}"
EndProject
Project("{9A19103F-16F7-4668-BE54-9A1E7A4F7556}") = "Pixel.Scripting.Editor.Services.CSharp", "src\Pixel.Scripting.Editor.Services.CSharp\Pixel.Scripting.Editor.Services.CSharp.csproj", "{91E8159E-31F5-468D-B7E2-6B369D270A20}"
EndProject
Project("{9A19103F-16F7-4668-BE54-9A1E7A4F7556}") = "Pixel.Scripting.Editor.Core", "src\Pixel.Scripting.Editor.Core\Pixel.Scripting.Editor.Core.csproj", "{A2836390-3423-42D0-B148-BE408E00B122}"
EndProject
Project("{2150E333-8FDC-42A3-9474-1A3956D46DE8}") = "Automation", "Automation", "{2B0C7388-18D7-4E3C-8BDF-B7A414520615}"
EndProject
Project("{9A19103F-16F7-4668-BE54-9A1E7A4F7556}") = "Pixel.Automation.Web.Selenium.Components", "src\Pixel.Automation.Web.Selenium.Components\Pixel.Automation.Web.Selenium.Components.csproj", "{8CAC0AE2-E8C7-4452-9A11-F54264D20152}"
EndProject
Project("{2150E333-8FDC-42A3-9474-1A3956D46DE8}") = "Screen.Scrappers", "Screen.Scrappers", "{2CDDC9CB-DC5E-4E43-9C6C-DBC379581B34}"
EndProject
Project("{2150E333-8FDC-42A3-9474-1A3956D46DE8}") = "Editors", "Editors", "{94422BB0-2426-4FA2-B9C4-29F94A3CAD7F}"
EndProject
Project("{2150E333-8FDC-42A3-9474-1A3956D46DE8}") = "ViewModels", "ViewModels", "{85AB536F-8852-40FB-BCB5-6CFE666630D4}"
EndProject
Project("{2150E333-8FDC-42A3-9474-1A3956D46DE8}") = "Views", "Views", "{40DB0F5D-BB65-4027-B0A2-682628455D6A}"
EndProject
Project("{9A19103F-16F7-4668-BE54-9A1E7A4F7556}") = "Pixel.Automation.Editor.Core", "src\Pixel.Automation.Editor.Core\Pixel.Automation.Editor.Core.csproj", "{44061547-D707-4ABB-8A37-72B9A5F9C3C7}"
EndProject
Project("{9A19103F-16F7-4668-BE54-9A1E7A4F7556}") = "Xceed.Wpf.AvalonDock.Themes.MahApps", "src\Xceed.Wpf.AvalonDock.Themes.MahApps\Xceed.Wpf.AvalonDock.Themes.MahApps.csproj", "{A07DC816-C476-4EBA-BAFF-577B25BB009C}"
EndProject
Project("{9A19103F-16F7-4668-BE54-9A1E7A4F7556}") = "Pixel.Automation.TestExplorer.ViewModels", "src\Pixel.Automation.TestExplorer.ViewModels\Pixel.Automation.TestExplorer.ViewModels.csproj", "{C89B4340-499A-47F2-8008-D8CBB51918D2}"
EndProject
Project("{9A19103F-16F7-4668-BE54-9A1E7A4F7556}") = "Pixel.Automation.AppExplorer.ViewModels", "src\Pixel.Automation.AppExplorer.ViewModels\Pixel.Automation.AppExplorer.ViewModels.csproj", "{48BE3392-8962-469E-A878-E6729523882D}"
EndProject
Project("{9A19103F-16F7-4668-BE54-9A1E7A4F7556}") = "Pixel.Automation.Designer.ViewModels", "src\Pixel.Automation.Designer.ViewModels\Pixel.Automation.Designer.ViewModels.csproj", "{3C7CBE00-6736-4F56-BAD9-E967BAAFFC30}"
EndProject
Project("{9A19103F-16F7-4668-BE54-9A1E7A4F7556}") = "Pixel.Automation.AppExplorer.Views", "src\Pixel.Automation.AppExplorer.Views\Pixel.Automation.AppExplorer.Views.csproj", "{2DFBE5B9-BC50-41E9-A745-262966B61740}"
EndProject
Project("{9A19103F-16F7-4668-BE54-9A1E7A4F7556}") = "Pixel.Automation.Designer.Views", "src\Pixel.Automation.Designer.Views\Pixel.Automation.Designer.Views.csproj", "{236A8EA6-96DD-496D-B65B-A5A35C66F6EE}"
EndProject
Project("{9A19103F-16F7-4668-BE54-9A1E7A4F7556}") = "Pixel.Scripting.Script.Editor", "src\Pixel.Scripting.Script.Editor\Pixel.Scripting.Script.Editor.csproj", "{E68A9169-63D0-4913-BE05-54A9BCA38E82}"
EndProject
Project("{9A19103F-16F7-4668-BE54-9A1E7A4F7556}") = "Pixel.Automation.TestData.Repository.ViewModels", "src\Pixel.Automation.TestData.Repository.ViewModels\Pixel.Automation.TestData.Repository.ViewModels.csproj", "{CDEB001F-0AAA-4575-93CC-70E4997CFAE2}"
EndProject
Project("{9A19103F-16F7-4668-BE54-9A1E7A4F7556}") = "Pixel.Automation.UIA.Components", "src\Pixel.Automation.UIA.Components\Pixel.Automation.UIA.Components.csproj", "{0D040153-2183-4D25-861D-B3AD74953A4E}"
EndProject
Project("{9A19103F-16F7-4668-BE54-9A1E7A4F7556}") = "Pixel.Automation.UIA.Scrapper", "src\Pixel.Automation.UIA.Scrapper\Pixel.Automation.UIA.Scrapper.csproj", "{10A70DD1-20E3-42C7-8D98-AD11C2970F4D}"
EndProject
Project("{9A19103F-16F7-4668-BE54-9A1E7A4F7556}") = "Pixel.Automation.Native.Windows", "src\Pixel.Automation.Native.Windows\Pixel.Automation.Native.Windows.csproj", "{F5CBC403-00B6-4156-9719-78081997B25D}"
EndProject
Project("{2150E333-8FDC-42A3-9474-1A3956D46DE8}") = "Unit.Tests", "Unit.Tests", "{242744A0-4C9B-4B89-9AC0-4188D186D4D2}"
EndProject
Project("{9A19103F-16F7-4668-BE54-9A1E7A4F7556}") = "Pixel.Automation.Core.Tests", "src\Unit.Tests\Pixel.Automation.Core.Tests\Pixel.Automation.Core.Tests.csproj", "{A4BAC7F8-8472-4E07-93F9-49D3B91B49AA}"
EndProject
Project("{9A19103F-16F7-4668-BE54-9A1E7A4F7556}") = "Pixel.Automation.Test.Helpers", "src\Unit.Tests\Pixel.Automation.Test.Helpers\Pixel.Automation.Test.Helpers.csproj", "{016CB702-19ED-4CBA-806E-29DABDB83653}"
EndProject
Project("{9A19103F-16F7-4668-BE54-9A1E7A4F7556}") = "Pixel.Automation.Core.Components.Tests", "src\Unit.Tests\Pixel.Automation.Core.Components.Tests\Pixel.Automation.Core.Components.Tests.csproj", "{7333BE4F-8269-413B-82F6-FFAB7B6A4FCA}"
EndProject
Project("{9A19103F-16F7-4668-BE54-9A1E7A4F7556}") = "Pixel.Scripting.Engine.CSharp.Tests", "src\Unit.Tests\Pixel.Scripting.Engine.CSharp.Tests\Pixel.Scripting.Engine.CSharp.Tests.csproj", "{87D36B90-18EC-4686-8E40-5E2E3EE2FE43}"
EndProject
Project("{9A19103F-16F7-4668-BE54-9A1E7A4F7556}") = "Pixel.Automation.Scripting.Components.Tests", "src\Unit.Tests\Pixel.Automation.Scripting.Components.Tests\Pixel.Automation.Scripting.Components.Tests.csproj", "{ABCC3DDB-FE99-4822-9551-6A24C9E63998}"
EndProject
Project("{9A19103F-16F7-4668-BE54-9A1E7A4F7556}") = "Pixel.Automation.RunTime.Tests", "src\Unit.Tests\Pixel.Automation.RunTime.Tests\Pixel.Automation.RunTime.Tests.csproj", "{605AB381-D359-464D-9600-A45478B4FB69}"
EndProject
Project("{9A19103F-16F7-4668-BE54-9A1E7A4F7556}") = "Pixel.Automation.Web.Selenium.Components.Tests", "src\Unit.Tests\Pixel.Automation.Web.Selenium.Components.Tests\Pixel.Automation.Web.Selenium.Components.Tests.csproj", "{E9C28ACD-7807-423C-A0BD-C7369E46CCDA}"
EndProject
Project("{2150E333-8FDC-42A3-9474-1A3956D46DE8}") = "Test.Runner", "Test.Runner", "{29D9A408-E435-410E-86C8-D7A7D3936908}"
EndProject
Project("{9A19103F-16F7-4668-BE54-9A1E7A4F7556}") = "Pixel.Automation.Test.Runner", "src\Pixel.Automation.Test.Runner\Pixel.Automation.Test.Runner.csproj", "{F03B95F0-6757-4FBD-887D-A7DDA95DEFCF}"
EndProject
Project("{2150E333-8FDC-42A3-9474-1A3956D46DE8}") = "Services", "Services", "{AA656CE2-0BA6-49F0-AD4A-B54BA52DADE5}"
EndProject
Project("{9A19103F-16F7-4668-BE54-9A1E7A4F7556}") = "Pixel.Persistence.Services.Api", "src\Pixel.Persistence.Services.Api\Pixel.Persistence.Services.Api.csproj", "{8CC82948-DF4B-4036-9183-2450F43911B2}"
EndProject
Project("{2150E333-8FDC-42A3-9474-1A3956D46DE8}") = "Shared", "Shared", "{FD0D3A59-9D7D-4C4F-B67F-C779EC7CBEB7}"
EndProject
Project("{9A19103F-16F7-4668-BE54-9A1E7A4F7556}") = "Pixel.Persistence.Core", "src\Pixel.Persistence.Core\Pixel.Persistence.Core.csproj", "{143EDF5C-5970-4EF9-82C5-E11F96DF701A}"
EndProject
Project("{9A19103F-16F7-4668-BE54-9A1E7A4F7556}") = "Pixel.Persistence.Respository", "src\Pixel.Persistence.Respository\Pixel.Persistence.Respository.csproj", "{2CB3D6DB-B509-41B1-84F8-1AA13AA43101}"
EndProject
Project("{9A19103F-16F7-4668-BE54-9A1E7A4F7556}") = "Pixel.Persistence.Services.Client", "src\Pixel.Persistence.Services.Client\Pixel.Persistence.Services.Client.csproj", "{DC616BF5-7555-4972-99DC-71E208FA3C82}"
EndProject
Project("{2150E333-8FDC-42A3-9474-1A3956D46DE8}") = "Extensions", "Extensions", "{31FC611F-42BE-4506-AEF5-89BB59963695}"
EndProject
Project("{9A19103F-16F7-4668-BE54-9A1E7A4F7556}") = "Pixel.Automation.TestExplorer.Views", "src\Pixel.Automation.TestExplorer.Views\Pixel.Automation.TestExplorer.Views.csproj", "{AA4CE8C2-8F3B-403C-97FF-4AC09120BB30}"
EndProject
Project("{9A19103F-16F7-4668-BE54-9A1E7A4F7556}") = "Pixel.Automation.TestExplorer.ViewModels.Tests", "src\Unit.Tests\Pixel.Automation.TestExplorer.ViewModels.Tests\Pixel.Automation.TestExplorer.ViewModels.Tests.csproj", "{B6B5E69E-F32C-45C0-9D69-6F7AE1B5CC74}"
EndProject
Project("{9A19103F-16F7-4668-BE54-9A1E7A4F7556}") = "Pixel.Automation.TestData.Repository.Views", "src\Pixel.Automation.TestData.Repository.Views\Pixel.Automation.TestData.Repository.Views.csproj", "{DC83E05E-6BD8-49B4-B133-87ADF186E432}"
EndProject
Project("{9A19103F-16F7-4668-BE54-9A1E7A4F7556}") = "Pixel.Automation.Editor.Controls", "src\Pixel.Automation.Editor.Controls\Pixel.Automation.Editor.Controls.csproj", "{7D2893AE-B880-4AB1-9377-B508D4C0958C}"
EndProject
Project("{9A19103F-16F7-4668-BE54-9A1E7A4F7556}") = "Pixel.Automation.Native.Windows.Tests", "src\Unit.Tests\Pixel.Automation.Native.Windows.Tests\Pixel.Automation.Native.Windows.Tests.csproj", "{9EF4F6E1-22DF-4568-9D97-8087EAFD960F}"
EndProject
Project("{9A19103F-16F7-4668-BE54-9A1E7A4F7556}") = "Pixel.Automation.Java.Access.Bridge.Components", "src\Pixel.Automation.Java.Access.Bridge.Components\Pixel.Automation.Java.Access.Bridge.Components.csproj", "{B88DCFEF-61DD-4752-B1E0-D10287752CF6}"
EndProject
Project("{9A19103F-16F7-4668-BE54-9A1E7A4F7556}") = "Pixel.Automation.JAB.Scrapper", "src\Pixel.Automation.JAB.Scrapper\Pixel.Automation.JAB.Scrapper.csproj", "{5F8D6E77-35E5-4012-B5A4-08765E9CCEC5}"
EndProject
Project("{9A19103F-16F7-4668-BE54-9A1E7A4F7556}") = "Pixel.Automation.Image.Matching.Components", "src\Pixel.Automation.Image.Matching.Components\Pixel.Automation.Image.Matching.Components.csproj", "{65EC6EA0-6289-4F43-8EAE-484CA6C55982}"
EndProject
Project("{9A19103F-16F7-4668-BE54-9A1E7A4F7556}") = "Pixel.Automation.Image.Scrapper", "src\Pixel.Automation.Image.Scrapper\Pixel.Automation.Image.Scrapper.csproj", "{A854EA47-E25C-4412-B983-BC5C49E02F8E}"
EndProject
Project("{9A19103F-16F7-4668-BE54-9A1E7A4F7556}") = "Pixel.Automation.UIA.Components.Tests", "src\Unit.Tests\Pixel.Automation.UIA.Components.Tests\Pixel.Automation.UIA.Components.Tests.csproj", "{402259E1-BA43-4747-94FA-9ECB1862C564}"
EndProject
Project("{9A19103F-16F7-4668-BE54-9A1E7A4F7556}") = "Pixel.Automation.Web.Portal", "src\Pixel.Automation.Web.Portal\Pixel.Automation.Web.Portal.csproj", "{73F57B0C-921B-4EE7-AF11-8678384178DE}"
EndProject
Project("{9A19103F-16F7-4668-BE54-9A1E7A4F7556}") = "Pixel.Automation.TestData.Repository.ViewModels.Tests", "src\Unit.Tests\Pixel.Automation.TestData.Repository.ViewModels.Tests\Pixel.Automation.TestData.Repository.ViewModels.Tests.csproj", "{741037BE-4A8A-45B3-BF74-B28331982FC8}"
EndProject
Project("{9A19103F-16F7-4668-BE54-9A1E7A4F7556}") = "Pixel.Automation.AppExplorer.ViewModels.Tests", "src\Unit.Tests\Pixel.Automation.AppExplorer.ViewModels.Tests\Pixel.Automation.AppExplorer.ViewModels.Tests.csproj", "{EFD20B77-E69D-4D00-A737-F3BDC8DE50C1}"
EndProject
Project("{9A19103F-16F7-4668-BE54-9A1E7A4F7556}") = "Pixel.Automation.Editor.Core.Tests", "src\Unit.Tests\Pixel.Automation.Editor.Core.Tests\Pixel.Automation.Editor.Core.Tests.csproj", "{2EB7D04C-E0E7-4AB2-8916-D9A5143F92A7}"
EndProject
Project("{9A19103F-16F7-4668-BE54-9A1E7A4F7556}") = "Pixel.OpenId.Authenticator", "src\Pixel.OpenId.Authenticator\Pixel.OpenId.Authenticator.csproj", "{D9F21769-910D-4D54-8CE0-7C370C8DEBE8}"
EndProject
Project("{9A19103F-16F7-4668-BE54-9A1E7A4F7556}") = "Pixel.Automation.Web.Playwright.Components", "src\Pixel.Automation.Web.Playwright.Components\Pixel.Automation.Web.Playwright.Components.csproj", "{C5D6D04F-F7F1-4C6A-A4D3-DB8965088B7C}"
EndProject
Project("{9A19103F-16F7-4668-BE54-9A1E7A4F7556}") = "Pixel.Automation.Web.Common", "src\Pixel.Automation.Web.Common\Pixel.Automation.Web.Common.csproj", "{BF6E961C-8989-4560-B07F-50F1E8642EAF}"
EndProject
Project("{9A19103F-16F7-4668-BE54-9A1E7A4F7556}") = "Pixel.Automation.Web.Scrapper", "src\Pixel.Automation.Web.Scrapper\Pixel.Automation.Web.Scrapper.csproj", "{C2D0B652-C331-4728-8836-FF1F0B5EC746}"
EndProject
Project("{2150E333-8FDC-42A3-9474-1A3956D46DE8}") = "pixel-browser-scrapper", "pixel-browser-scrapper", "{C2CEB3A7-7E9B-4465-92E6-67D5E8937AAF}"
	ProjectSection(SolutionItems) = preProject
		src\Extensions\pixel-browser-scrapper\background.js = src\Extensions\pixel-browser-scrapper\background.js
		src\Extensions\pixel-browser-scrapper\icon.png = src\Extensions\pixel-browser-scrapper\icon.png
		src\Extensions\pixel-browser-scrapper\jquery-1.6.4-vsdoc.js = src\Extensions\pixel-browser-scrapper\jquery-1.6.4-vsdoc.js
		src\Extensions\pixel-browser-scrapper\jquery-1.6.4.min.js = src\Extensions\pixel-browser-scrapper\jquery-1.6.4.min.js
		src\Extensions\pixel-browser-scrapper\manifest.json = src\Extensions\pixel-browser-scrapper\manifest.json
		src\Extensions\pixel-browser-scrapper\optimal-select.min.js = src\Extensions\pixel-browser-scrapper\optimal-select.min.js
		src\Extensions\pixel-browser-scrapper\playwright.js = src\Extensions\pixel-browser-scrapper\playwright.js
		src\Extensions\pixel-browser-scrapper\Web.Scrapper.js = src\Extensions\pixel-browser-scrapper\Web.Scrapper.js
	EndProjectSection
EndProject
Project("{9A19103F-16F7-4668-BE54-9A1E7A4F7556}") = "Pixel.Automation.Input.Devices.Components", "src\Pixel.Automation.Input.Devices.Components\Pixel.Automation.Input.Devices.Components.csproj", "{329AD7C0-8CF7-4EB0-A143-BDE1576A94CC}"
EndProject
Project("{9A19103F-16F7-4668-BE54-9A1E7A4F7556}") = "Pixel.Automation.Window.Management.Components", "src\Pixel.Automation.Window.Management.Components\Pixel.Automation.Window.Management.Components.csproj", "{30383219-CC1D-47E2-9B01-EDC80A6FC8AF}"
EndProject
Project("{9A19103F-16F7-4668-BE54-9A1E7A4F7556}") = "Pixel.Automation.Input.Devices.Components.Tests", "src\Unit.Tests\Pixel.Automation.Input.Devices.Components.Tests\Pixel.Automation.Input.Devices.Components.Tests.csproj", "{5AF13BBB-1CE1-4B16-9FE5-B157879D2642}"
EndProject
Project("{9A19103F-16F7-4668-BE54-9A1E7A4F7556}") = "Pixel.Automation.Window.Management.Components.Tests", "src\Unit.Tests\Pixel.Automation.Window.Management.Components.Tests\Pixel.Automation.Window.Management.Components.Tests.csproj", "{EEDB10ED-9889-4336-A68F-55429FCF2F24}"
EndProject
Project("{9A19103F-16F7-4668-BE54-9A1E7A4F7556}") = "Pixel.Automation.Editor.Image.Capture", "src\Pixel.Automation.Editor.Image.Capture\Pixel.Automation.Editor.Image.Capture.csproj", "{9A86AD46-64EA-47B6-B029-6541E6A0253A}"
EndProject
Project("{9A19103F-16F7-4668-BE54-9A1E7A4F7556}") = "Pixel.Automation.Assertions.Components", "src\Pixel.Automation.Assertions.Components\Pixel.Automation.Assertions.Components.csproj", "{D7AC21DE-DDF5-4C4E-A487-98C62693F1A9}"
EndProject
Project("{9A19103F-16F7-4668-BE54-9A1E7A4F7556}") = "Pixel.Automation.Editor.Notifications", "src\Pixel.Automation.Editor.Notifications\Pixel.Automation.Editor.Notifications.csproj", "{3387DC18-1B51-47AD-B4F0-ED3411E88597}"
EndProject
Project("{9A19103F-16F7-4668-BE54-9A1E7A4F7556}") = "Pixel.Automation.Editor.Notifications.Tests", "src\Unit.Tests\Pixel.Automation.Editor.Notifications.Tests\Pixel.Automation.Editor.Notifications.Tests.csproj", "{FFE188B5-B8A7-48A1-B043-DEF5D590D8A5}"
EndProject
Project("{9A19103F-16F7-4668-BE54-9A1E7A4F7556}") = "Pixel.Automation.Reference.Manager", "src\Pixel.Automation.Reference.Manager\Pixel.Automation.Reference.Manager.csproj", "{12BE6BAC-2CF4-4661-A8DD-7E00ABF514D5}"
EndProject
Project("{9A19103F-16F7-4668-BE54-9A1E7A4F7556}") = "Pixel.Automation.Appium.Components", "src\Pixel.Automation.Appium.Components\Pixel.Automation.Appium.Components.csproj", "{84DFCACB-4D53-4672-B90A-741104338BAC}"
EndProject
Project("{9A19103F-16F7-4668-BE54-9A1E7A4F7556}") = "Pixel.Automation.Appium.Scrapper", "src\Pixel.Automation.Appium.Scrapper\Pixel.Automation.Appium.Scrapper.csproj", "{0BE593AE-1065-46D9-A197-A2D58CE769B9}"
EndProject
Global
	GlobalSection(SolutionConfigurationPlatforms) = preSolution
		Debug|Any CPU = Debug|Any CPU
		Release|Any CPU = Release|Any CPU
	EndGlobalSection
	GlobalSection(ProjectConfigurationPlatforms) = postSolution
		{0B9D2BD0-2193-4FB0-A939-79B0AED2467F}.Debug|Any CPU.ActiveCfg = Debug|Any CPU
		{0B9D2BD0-2193-4FB0-A939-79B0AED2467F}.Debug|Any CPU.Build.0 = Debug|Any CPU
		{0B9D2BD0-2193-4FB0-A939-79B0AED2467F}.Release|Any CPU.ActiveCfg = Release|Any CPU
		{0B9D2BD0-2193-4FB0-A939-79B0AED2467F}.Release|Any CPU.Build.0 = Release|Any CPU
		{93B51CBC-F5DA-4303-85BD-EF1CDECAA612}.Debug|Any CPU.ActiveCfg = Debug|Any CPU
		{93B51CBC-F5DA-4303-85BD-EF1CDECAA612}.Debug|Any CPU.Build.0 = Debug|Any CPU
		{93B51CBC-F5DA-4303-85BD-EF1CDECAA612}.Release|Any CPU.ActiveCfg = Release|Any CPU
		{93B51CBC-F5DA-4303-85BD-EF1CDECAA612}.Release|Any CPU.Build.0 = Release|Any CPU
		{83FA1304-3CE4-4709-8DC4-ABC542A46F64}.Debug|Any CPU.ActiveCfg = Debug|Any CPU
		{83FA1304-3CE4-4709-8DC4-ABC542A46F64}.Debug|Any CPU.Build.0 = Debug|Any CPU
		{83FA1304-3CE4-4709-8DC4-ABC542A46F64}.Release|Any CPU.ActiveCfg = Release|Any CPU
		{83FA1304-3CE4-4709-8DC4-ABC542A46F64}.Release|Any CPU.Build.0 = Release|Any CPU
		{00A9F1A9-7C66-45F4-B3C4-B26FA63ABB33}.Debug|Any CPU.ActiveCfg = Debug|Any CPU
		{00A9F1A9-7C66-45F4-B3C4-B26FA63ABB33}.Debug|Any CPU.Build.0 = Debug|Any CPU
		{00A9F1A9-7C66-45F4-B3C4-B26FA63ABB33}.Release|Any CPU.ActiveCfg = Release|Any CPU
		{00A9F1A9-7C66-45F4-B3C4-B26FA63ABB33}.Release|Any CPU.Build.0 = Release|Any CPU
		{3A89EAE8-84BB-4E58-B74A-AB6BC34219F3}.Debug|Any CPU.ActiveCfg = Debug|Any CPU
		{3A89EAE8-84BB-4E58-B74A-AB6BC34219F3}.Debug|Any CPU.Build.0 = Debug|Any CPU
		{3A89EAE8-84BB-4E58-B74A-AB6BC34219F3}.Release|Any CPU.ActiveCfg = Release|Any CPU
		{3A89EAE8-84BB-4E58-B74A-AB6BC34219F3}.Release|Any CPU.Build.0 = Release|Any CPU
		{3E19F3B1-253D-43F2-9AA6-41DDE1E0787E}.Debug|Any CPU.ActiveCfg = Debug|Any CPU
		{3E19F3B1-253D-43F2-9AA6-41DDE1E0787E}.Debug|Any CPU.Build.0 = Debug|Any CPU
		{3E19F3B1-253D-43F2-9AA6-41DDE1E0787E}.Release|Any CPU.ActiveCfg = Release|Any CPU
		{3E19F3B1-253D-43F2-9AA6-41DDE1E0787E}.Release|Any CPU.Build.0 = Release|Any CPU
		{C9D49D56-C3B7-48C0-9FF7-83392A31A302}.Debug|Any CPU.ActiveCfg = Debug|Any CPU
		{C9D49D56-C3B7-48C0-9FF7-83392A31A302}.Debug|Any CPU.Build.0 = Debug|Any CPU
		{C9D49D56-C3B7-48C0-9FF7-83392A31A302}.Release|Any CPU.ActiveCfg = Release|Any CPU
		{C9D49D56-C3B7-48C0-9FF7-83392A31A302}.Release|Any CPU.Build.0 = Release|Any CPU
		{91E8159E-31F5-468D-B7E2-6B369D270A20}.Debug|Any CPU.ActiveCfg = Debug|Any CPU
		{91E8159E-31F5-468D-B7E2-6B369D270A20}.Debug|Any CPU.Build.0 = Debug|Any CPU
		{91E8159E-31F5-468D-B7E2-6B369D270A20}.Release|Any CPU.ActiveCfg = Release|Any CPU
		{91E8159E-31F5-468D-B7E2-6B369D270A20}.Release|Any CPU.Build.0 = Release|Any CPU
		{A2836390-3423-42D0-B148-BE408E00B122}.Debug|Any CPU.ActiveCfg = Debug|Any CPU
		{A2836390-3423-42D0-B148-BE408E00B122}.Debug|Any CPU.Build.0 = Debug|Any CPU
		{A2836390-3423-42D0-B148-BE408E00B122}.Release|Any CPU.ActiveCfg = Release|Any CPU
		{A2836390-3423-42D0-B148-BE408E00B122}.Release|Any CPU.Build.0 = Release|Any CPU
		{8CAC0AE2-E8C7-4452-9A11-F54264D20152}.Debug|Any CPU.ActiveCfg = Debug|Any CPU
		{8CAC0AE2-E8C7-4452-9A11-F54264D20152}.Debug|Any CPU.Build.0 = Debug|Any CPU
		{8CAC0AE2-E8C7-4452-9A11-F54264D20152}.Release|Any CPU.ActiveCfg = Release|Any CPU
		{8CAC0AE2-E8C7-4452-9A11-F54264D20152}.Release|Any CPU.Build.0 = Release|Any CPU
		{44061547-D707-4ABB-8A37-72B9A5F9C3C7}.Debug|Any CPU.ActiveCfg = Debug|Any CPU
		{44061547-D707-4ABB-8A37-72B9A5F9C3C7}.Debug|Any CPU.Build.0 = Debug|Any CPU
		{44061547-D707-4ABB-8A37-72B9A5F9C3C7}.Release|Any CPU.ActiveCfg = Release|Any CPU
		{44061547-D707-4ABB-8A37-72B9A5F9C3C7}.Release|Any CPU.Build.0 = Release|Any CPU
		{A07DC816-C476-4EBA-BAFF-577B25BB009C}.Debug|Any CPU.ActiveCfg = Debug|Any CPU
		{A07DC816-C476-4EBA-BAFF-577B25BB009C}.Debug|Any CPU.Build.0 = Debug|Any CPU
		{A07DC816-C476-4EBA-BAFF-577B25BB009C}.Release|Any CPU.ActiveCfg = Release|Any CPU
		{A07DC816-C476-4EBA-BAFF-577B25BB009C}.Release|Any CPU.Build.0 = Release|Any CPU
		{C89B4340-499A-47F2-8008-D8CBB51918D2}.Debug|Any CPU.ActiveCfg = Debug|Any CPU
		{C89B4340-499A-47F2-8008-D8CBB51918D2}.Debug|Any CPU.Build.0 = Debug|Any CPU
		{C89B4340-499A-47F2-8008-D8CBB51918D2}.Release|Any CPU.ActiveCfg = Release|Any CPU
		{C89B4340-499A-47F2-8008-D8CBB51918D2}.Release|Any CPU.Build.0 = Release|Any CPU
		{48BE3392-8962-469E-A878-E6729523882D}.Debug|Any CPU.ActiveCfg = Debug|Any CPU
		{48BE3392-8962-469E-A878-E6729523882D}.Debug|Any CPU.Build.0 = Debug|Any CPU
		{48BE3392-8962-469E-A878-E6729523882D}.Release|Any CPU.ActiveCfg = Release|Any CPU
		{48BE3392-8962-469E-A878-E6729523882D}.Release|Any CPU.Build.0 = Release|Any CPU
		{3C7CBE00-6736-4F56-BAD9-E967BAAFFC30}.Debug|Any CPU.ActiveCfg = Debug|Any CPU
		{3C7CBE00-6736-4F56-BAD9-E967BAAFFC30}.Debug|Any CPU.Build.0 = Debug|Any CPU
		{3C7CBE00-6736-4F56-BAD9-E967BAAFFC30}.Release|Any CPU.ActiveCfg = Release|Any CPU
		{3C7CBE00-6736-4F56-BAD9-E967BAAFFC30}.Release|Any CPU.Build.0 = Release|Any CPU
		{2DFBE5B9-BC50-41E9-A745-262966B61740}.Debug|Any CPU.ActiveCfg = Debug|Any CPU
		{2DFBE5B9-BC50-41E9-A745-262966B61740}.Debug|Any CPU.Build.0 = Debug|Any CPU
		{2DFBE5B9-BC50-41E9-A745-262966B61740}.Release|Any CPU.ActiveCfg = Release|Any CPU
		{2DFBE5B9-BC50-41E9-A745-262966B61740}.Release|Any CPU.Build.0 = Release|Any CPU
		{236A8EA6-96DD-496D-B65B-A5A35C66F6EE}.Debug|Any CPU.ActiveCfg = Debug|Any CPU
		{236A8EA6-96DD-496D-B65B-A5A35C66F6EE}.Debug|Any CPU.Build.0 = Debug|Any CPU
		{236A8EA6-96DD-496D-B65B-A5A35C66F6EE}.Release|Any CPU.ActiveCfg = Release|Any CPU
		{236A8EA6-96DD-496D-B65B-A5A35C66F6EE}.Release|Any CPU.Build.0 = Release|Any CPU
		{E68A9169-63D0-4913-BE05-54A9BCA38E82}.Debug|Any CPU.ActiveCfg = Debug|Any CPU
		{E68A9169-63D0-4913-BE05-54A9BCA38E82}.Debug|Any CPU.Build.0 = Debug|Any CPU
		{E68A9169-63D0-4913-BE05-54A9BCA38E82}.Release|Any CPU.ActiveCfg = Release|Any CPU
		{E68A9169-63D0-4913-BE05-54A9BCA38E82}.Release|Any CPU.Build.0 = Release|Any CPU
		{CDEB001F-0AAA-4575-93CC-70E4997CFAE2}.Debug|Any CPU.ActiveCfg = Debug|Any CPU
		{CDEB001F-0AAA-4575-93CC-70E4997CFAE2}.Debug|Any CPU.Build.0 = Debug|Any CPU
		{CDEB001F-0AAA-4575-93CC-70E4997CFAE2}.Release|Any CPU.ActiveCfg = Release|Any CPU
		{CDEB001F-0AAA-4575-93CC-70E4997CFAE2}.Release|Any CPU.Build.0 = Release|Any CPU
		{0D040153-2183-4D25-861D-B3AD74953A4E}.Debug|Any CPU.ActiveCfg = Debug|Any CPU
		{0D040153-2183-4D25-861D-B3AD74953A4E}.Debug|Any CPU.Build.0 = Debug|Any CPU
		{0D040153-2183-4D25-861D-B3AD74953A4E}.Release|Any CPU.ActiveCfg = Release|Any CPU
		{0D040153-2183-4D25-861D-B3AD74953A4E}.Release|Any CPU.Build.0 = Release|Any CPU
		{10A70DD1-20E3-42C7-8D98-AD11C2970F4D}.Debug|Any CPU.ActiveCfg = Debug|Any CPU
		{10A70DD1-20E3-42C7-8D98-AD11C2970F4D}.Debug|Any CPU.Build.0 = Debug|Any CPU
		{10A70DD1-20E3-42C7-8D98-AD11C2970F4D}.Release|Any CPU.ActiveCfg = Release|Any CPU
		{10A70DD1-20E3-42C7-8D98-AD11C2970F4D}.Release|Any CPU.Build.0 = Release|Any CPU
		{F5CBC403-00B6-4156-9719-78081997B25D}.Debug|Any CPU.ActiveCfg = Debug|Any CPU
		{F5CBC403-00B6-4156-9719-78081997B25D}.Debug|Any CPU.Build.0 = Debug|Any CPU
		{F5CBC403-00B6-4156-9719-78081997B25D}.Release|Any CPU.ActiveCfg = Release|Any CPU
		{F5CBC403-00B6-4156-9719-78081997B25D}.Release|Any CPU.Build.0 = Release|Any CPU
		{A4BAC7F8-8472-4E07-93F9-49D3B91B49AA}.Debug|Any CPU.ActiveCfg = Debug|Any CPU
		{A4BAC7F8-8472-4E07-93F9-49D3B91B49AA}.Debug|Any CPU.Build.0 = Debug|Any CPU
		{A4BAC7F8-8472-4E07-93F9-49D3B91B49AA}.Release|Any CPU.ActiveCfg = Release|Any CPU
		{A4BAC7F8-8472-4E07-93F9-49D3B91B49AA}.Release|Any CPU.Build.0 = Release|Any CPU
		{016CB702-19ED-4CBA-806E-29DABDB83653}.Debug|Any CPU.ActiveCfg = Debug|Any CPU
		{016CB702-19ED-4CBA-806E-29DABDB83653}.Debug|Any CPU.Build.0 = Debug|Any CPU
		{016CB702-19ED-4CBA-806E-29DABDB83653}.Release|Any CPU.ActiveCfg = Release|Any CPU
		{016CB702-19ED-4CBA-806E-29DABDB83653}.Release|Any CPU.Build.0 = Release|Any CPU
		{7333BE4F-8269-413B-82F6-FFAB7B6A4FCA}.Debug|Any CPU.ActiveCfg = Debug|Any CPU
		{7333BE4F-8269-413B-82F6-FFAB7B6A4FCA}.Debug|Any CPU.Build.0 = Debug|Any CPU
		{7333BE4F-8269-413B-82F6-FFAB7B6A4FCA}.Release|Any CPU.ActiveCfg = Release|Any CPU
		{7333BE4F-8269-413B-82F6-FFAB7B6A4FCA}.Release|Any CPU.Build.0 = Release|Any CPU
		{87D36B90-18EC-4686-8E40-5E2E3EE2FE43}.Debug|Any CPU.ActiveCfg = Debug|Any CPU
		{87D36B90-18EC-4686-8E40-5E2E3EE2FE43}.Debug|Any CPU.Build.0 = Debug|Any CPU
		{87D36B90-18EC-4686-8E40-5E2E3EE2FE43}.Release|Any CPU.ActiveCfg = Release|Any CPU
		{87D36B90-18EC-4686-8E40-5E2E3EE2FE43}.Release|Any CPU.Build.0 = Release|Any CPU
		{ABCC3DDB-FE99-4822-9551-6A24C9E63998}.Debug|Any CPU.ActiveCfg = Debug|Any CPU
		{ABCC3DDB-FE99-4822-9551-6A24C9E63998}.Debug|Any CPU.Build.0 = Debug|Any CPU
		{ABCC3DDB-FE99-4822-9551-6A24C9E63998}.Release|Any CPU.ActiveCfg = Release|Any CPU
		{ABCC3DDB-FE99-4822-9551-6A24C9E63998}.Release|Any CPU.Build.0 = Release|Any CPU
		{605AB381-D359-464D-9600-A45478B4FB69}.Debug|Any CPU.ActiveCfg = Debug|Any CPU
		{605AB381-D359-464D-9600-A45478B4FB69}.Debug|Any CPU.Build.0 = Debug|Any CPU
		{605AB381-D359-464D-9600-A45478B4FB69}.Release|Any CPU.ActiveCfg = Release|Any CPU
		{605AB381-D359-464D-9600-A45478B4FB69}.Release|Any CPU.Build.0 = Release|Any CPU
		{E9C28ACD-7807-423C-A0BD-C7369E46CCDA}.Debug|Any CPU.ActiveCfg = Debug|Any CPU
		{E9C28ACD-7807-423C-A0BD-C7369E46CCDA}.Debug|Any CPU.Build.0 = Debug|Any CPU
		{E9C28ACD-7807-423C-A0BD-C7369E46CCDA}.Release|Any CPU.ActiveCfg = Release|Any CPU
		{E9C28ACD-7807-423C-A0BD-C7369E46CCDA}.Release|Any CPU.Build.0 = Release|Any CPU
		{F03B95F0-6757-4FBD-887D-A7DDA95DEFCF}.Debug|Any CPU.ActiveCfg = Debug|Any CPU
		{F03B95F0-6757-4FBD-887D-A7DDA95DEFCF}.Debug|Any CPU.Build.0 = Debug|Any CPU
		{F03B95F0-6757-4FBD-887D-A7DDA95DEFCF}.Release|Any CPU.ActiveCfg = Release|Any CPU
		{F03B95F0-6757-4FBD-887D-A7DDA95DEFCF}.Release|Any CPU.Build.0 = Release|Any CPU
		{8CC82948-DF4B-4036-9183-2450F43911B2}.Debug|Any CPU.ActiveCfg = Debug|Any CPU
		{8CC82948-DF4B-4036-9183-2450F43911B2}.Debug|Any CPU.Build.0 = Debug|Any CPU
		{8CC82948-DF4B-4036-9183-2450F43911B2}.Release|Any CPU.ActiveCfg = Release|Any CPU
		{8CC82948-DF4B-4036-9183-2450F43911B2}.Release|Any CPU.Build.0 = Release|Any CPU
		{143EDF5C-5970-4EF9-82C5-E11F96DF701A}.Debug|Any CPU.ActiveCfg = Debug|Any CPU
		{143EDF5C-5970-4EF9-82C5-E11F96DF701A}.Debug|Any CPU.Build.0 = Debug|Any CPU
		{143EDF5C-5970-4EF9-82C5-E11F96DF701A}.Release|Any CPU.ActiveCfg = Release|Any CPU
		{143EDF5C-5970-4EF9-82C5-E11F96DF701A}.Release|Any CPU.Build.0 = Release|Any CPU
		{2CB3D6DB-B509-41B1-84F8-1AA13AA43101}.Debug|Any CPU.ActiveCfg = Debug|Any CPU
		{2CB3D6DB-B509-41B1-84F8-1AA13AA43101}.Debug|Any CPU.Build.0 = Debug|Any CPU
		{2CB3D6DB-B509-41B1-84F8-1AA13AA43101}.Release|Any CPU.ActiveCfg = Release|Any CPU
		{2CB3D6DB-B509-41B1-84F8-1AA13AA43101}.Release|Any CPU.Build.0 = Release|Any CPU
		{DC616BF5-7555-4972-99DC-71E208FA3C82}.Debug|Any CPU.ActiveCfg = Debug|Any CPU
		{DC616BF5-7555-4972-99DC-71E208FA3C82}.Debug|Any CPU.Build.0 = Debug|Any CPU
		{DC616BF5-7555-4972-99DC-71E208FA3C82}.Release|Any CPU.ActiveCfg = Release|Any CPU
		{DC616BF5-7555-4972-99DC-71E208FA3C82}.Release|Any CPU.Build.0 = Release|Any CPU
		{AA4CE8C2-8F3B-403C-97FF-4AC09120BB30}.Debug|Any CPU.ActiveCfg = Debug|Any CPU
		{AA4CE8C2-8F3B-403C-97FF-4AC09120BB30}.Debug|Any CPU.Build.0 = Debug|Any CPU
		{AA4CE8C2-8F3B-403C-97FF-4AC09120BB30}.Release|Any CPU.ActiveCfg = Release|Any CPU
		{AA4CE8C2-8F3B-403C-97FF-4AC09120BB30}.Release|Any CPU.Build.0 = Release|Any CPU
		{B6B5E69E-F32C-45C0-9D69-6F7AE1B5CC74}.Debug|Any CPU.ActiveCfg = Debug|Any CPU
		{B6B5E69E-F32C-45C0-9D69-6F7AE1B5CC74}.Debug|Any CPU.Build.0 = Debug|Any CPU
		{B6B5E69E-F32C-45C0-9D69-6F7AE1B5CC74}.Release|Any CPU.ActiveCfg = Release|Any CPU
		{B6B5E69E-F32C-45C0-9D69-6F7AE1B5CC74}.Release|Any CPU.Build.0 = Release|Any CPU
		{DC83E05E-6BD8-49B4-B133-87ADF186E432}.Debug|Any CPU.ActiveCfg = Debug|Any CPU
		{DC83E05E-6BD8-49B4-B133-87ADF186E432}.Debug|Any CPU.Build.0 = Debug|Any CPU
		{DC83E05E-6BD8-49B4-B133-87ADF186E432}.Release|Any CPU.ActiveCfg = Release|Any CPU
		{DC83E05E-6BD8-49B4-B133-87ADF186E432}.Release|Any CPU.Build.0 = Release|Any CPU
		{7D2893AE-B880-4AB1-9377-B508D4C0958C}.Debug|Any CPU.ActiveCfg = Debug|Any CPU
		{7D2893AE-B880-4AB1-9377-B508D4C0958C}.Debug|Any CPU.Build.0 = Debug|Any CPU
		{7D2893AE-B880-4AB1-9377-B508D4C0958C}.Release|Any CPU.ActiveCfg = Release|Any CPU
		{7D2893AE-B880-4AB1-9377-B508D4C0958C}.Release|Any CPU.Build.0 = Release|Any CPU
		{9EF4F6E1-22DF-4568-9D97-8087EAFD960F}.Debug|Any CPU.ActiveCfg = Debug|Any CPU
		{9EF4F6E1-22DF-4568-9D97-8087EAFD960F}.Debug|Any CPU.Build.0 = Debug|Any CPU
		{9EF4F6E1-22DF-4568-9D97-8087EAFD960F}.Release|Any CPU.ActiveCfg = Release|Any CPU
		{9EF4F6E1-22DF-4568-9D97-8087EAFD960F}.Release|Any CPU.Build.0 = Release|Any CPU
		{B88DCFEF-61DD-4752-B1E0-D10287752CF6}.Debug|Any CPU.ActiveCfg = Debug|Any CPU
		{B88DCFEF-61DD-4752-B1E0-D10287752CF6}.Debug|Any CPU.Build.0 = Debug|Any CPU
		{B88DCFEF-61DD-4752-B1E0-D10287752CF6}.Release|Any CPU.ActiveCfg = Release|Any CPU
		{B88DCFEF-61DD-4752-B1E0-D10287752CF6}.Release|Any CPU.Build.0 = Release|Any CPU
		{5F8D6E77-35E5-4012-B5A4-08765E9CCEC5}.Debug|Any CPU.ActiveCfg = Debug|Any CPU
		{5F8D6E77-35E5-4012-B5A4-08765E9CCEC5}.Debug|Any CPU.Build.0 = Debug|Any CPU
		{5F8D6E77-35E5-4012-B5A4-08765E9CCEC5}.Release|Any CPU.ActiveCfg = Release|Any CPU
		{5F8D6E77-35E5-4012-B5A4-08765E9CCEC5}.Release|Any CPU.Build.0 = Release|Any CPU
		{65EC6EA0-6289-4F43-8EAE-484CA6C55982}.Debug|Any CPU.ActiveCfg = Debug|Any CPU
		{65EC6EA0-6289-4F43-8EAE-484CA6C55982}.Debug|Any CPU.Build.0 = Debug|Any CPU
		{65EC6EA0-6289-4F43-8EAE-484CA6C55982}.Release|Any CPU.ActiveCfg = Release|Any CPU
		{65EC6EA0-6289-4F43-8EAE-484CA6C55982}.Release|Any CPU.Build.0 = Release|Any CPU
		{A854EA47-E25C-4412-B983-BC5C49E02F8E}.Debug|Any CPU.ActiveCfg = Debug|Any CPU
		{A854EA47-E25C-4412-B983-BC5C49E02F8E}.Debug|Any CPU.Build.0 = Debug|Any CPU
		{A854EA47-E25C-4412-B983-BC5C49E02F8E}.Release|Any CPU.ActiveCfg = Release|Any CPU
		{A854EA47-E25C-4412-B983-BC5C49E02F8E}.Release|Any CPU.Build.0 = Release|Any CPU
		{402259E1-BA43-4747-94FA-9ECB1862C564}.Debug|Any CPU.ActiveCfg = Debug|Any CPU
		{402259E1-BA43-4747-94FA-9ECB1862C564}.Debug|Any CPU.Build.0 = Debug|Any CPU
		{402259E1-BA43-4747-94FA-9ECB1862C564}.Release|Any CPU.ActiveCfg = Release|Any CPU
		{402259E1-BA43-4747-94FA-9ECB1862C564}.Release|Any CPU.Build.0 = Release|Any CPU
		{73F57B0C-921B-4EE7-AF11-8678384178DE}.Debug|Any CPU.ActiveCfg = Debug|Any CPU
		{73F57B0C-921B-4EE7-AF11-8678384178DE}.Debug|Any CPU.Build.0 = Debug|Any CPU
		{73F57B0C-921B-4EE7-AF11-8678384178DE}.Release|Any CPU.ActiveCfg = Release|Any CPU
		{73F57B0C-921B-4EE7-AF11-8678384178DE}.Release|Any CPU.Build.0 = Release|Any CPU
		{741037BE-4A8A-45B3-BF74-B28331982FC8}.Debug|Any CPU.ActiveCfg = Debug|Any CPU
		{741037BE-4A8A-45B3-BF74-B28331982FC8}.Debug|Any CPU.Build.0 = Debug|Any CPU
		{741037BE-4A8A-45B3-BF74-B28331982FC8}.Release|Any CPU.ActiveCfg = Release|Any CPU
		{741037BE-4A8A-45B3-BF74-B28331982FC8}.Release|Any CPU.Build.0 = Release|Any CPU
		{EFD20B77-E69D-4D00-A737-F3BDC8DE50C1}.Debug|Any CPU.ActiveCfg = Debug|Any CPU
		{EFD20B77-E69D-4D00-A737-F3BDC8DE50C1}.Debug|Any CPU.Build.0 = Debug|Any CPU
		{EFD20B77-E69D-4D00-A737-F3BDC8DE50C1}.Release|Any CPU.ActiveCfg = Release|Any CPU
		{EFD20B77-E69D-4D00-A737-F3BDC8DE50C1}.Release|Any CPU.Build.0 = Release|Any CPU
		{2EB7D04C-E0E7-4AB2-8916-D9A5143F92A7}.Debug|Any CPU.ActiveCfg = Debug|Any CPU
		{2EB7D04C-E0E7-4AB2-8916-D9A5143F92A7}.Debug|Any CPU.Build.0 = Debug|Any CPU
		{2EB7D04C-E0E7-4AB2-8916-D9A5143F92A7}.Release|Any CPU.ActiveCfg = Release|Any CPU
		{2EB7D04C-E0E7-4AB2-8916-D9A5143F92A7}.Release|Any CPU.Build.0 = Release|Any CPU
		{D9F21769-910D-4D54-8CE0-7C370C8DEBE8}.Debug|Any CPU.ActiveCfg = Debug|Any CPU
		{D9F21769-910D-4D54-8CE0-7C370C8DEBE8}.Debug|Any CPU.Build.0 = Debug|Any CPU
		{D9F21769-910D-4D54-8CE0-7C370C8DEBE8}.Release|Any CPU.ActiveCfg = Release|Any CPU
		{D9F21769-910D-4D54-8CE0-7C370C8DEBE8}.Release|Any CPU.Build.0 = Release|Any CPU
		{C5D6D04F-F7F1-4C6A-A4D3-DB8965088B7C}.Debug|Any CPU.ActiveCfg = Debug|Any CPU
		{C5D6D04F-F7F1-4C6A-A4D3-DB8965088B7C}.Debug|Any CPU.Build.0 = Debug|Any CPU
		{C5D6D04F-F7F1-4C6A-A4D3-DB8965088B7C}.Release|Any CPU.ActiveCfg = Release|Any CPU
		{C5D6D04F-F7F1-4C6A-A4D3-DB8965088B7C}.Release|Any CPU.Build.0 = Release|Any CPU
		{BF6E961C-8989-4560-B07F-50F1E8642EAF}.Debug|Any CPU.ActiveCfg = Debug|Any CPU
		{BF6E961C-8989-4560-B07F-50F1E8642EAF}.Debug|Any CPU.Build.0 = Debug|Any CPU
		{BF6E961C-8989-4560-B07F-50F1E8642EAF}.Release|Any CPU.ActiveCfg = Release|Any CPU
		{BF6E961C-8989-4560-B07F-50F1E8642EAF}.Release|Any CPU.Build.0 = Release|Any CPU
		{C2D0B652-C331-4728-8836-FF1F0B5EC746}.Debug|Any CPU.ActiveCfg = Debug|Any CPU
		{C2D0B652-C331-4728-8836-FF1F0B5EC746}.Debug|Any CPU.Build.0 = Debug|Any CPU
		{C2D0B652-C331-4728-8836-FF1F0B5EC746}.Release|Any CPU.ActiveCfg = Release|Any CPU
		{C2D0B652-C331-4728-8836-FF1F0B5EC746}.Release|Any CPU.Build.0 = Release|Any CPU
		{329AD7C0-8CF7-4EB0-A143-BDE1576A94CC}.Debug|Any CPU.ActiveCfg = Debug|Any CPU
		{329AD7C0-8CF7-4EB0-A143-BDE1576A94CC}.Debug|Any CPU.Build.0 = Debug|Any CPU
		{329AD7C0-8CF7-4EB0-A143-BDE1576A94CC}.Release|Any CPU.ActiveCfg = Release|Any CPU
		{329AD7C0-8CF7-4EB0-A143-BDE1576A94CC}.Release|Any CPU.Build.0 = Release|Any CPU
		{30383219-CC1D-47E2-9B01-EDC80A6FC8AF}.Debug|Any CPU.ActiveCfg = Debug|Any CPU
		{30383219-CC1D-47E2-9B01-EDC80A6FC8AF}.Debug|Any CPU.Build.0 = Debug|Any CPU
		{30383219-CC1D-47E2-9B01-EDC80A6FC8AF}.Release|Any CPU.ActiveCfg = Release|Any CPU
		{30383219-CC1D-47E2-9B01-EDC80A6FC8AF}.Release|Any CPU.Build.0 = Release|Any CPU
		{5AF13BBB-1CE1-4B16-9FE5-B157879D2642}.Debug|Any CPU.ActiveCfg = Debug|Any CPU
		{5AF13BBB-1CE1-4B16-9FE5-B157879D2642}.Debug|Any CPU.Build.0 = Debug|Any CPU
		{5AF13BBB-1CE1-4B16-9FE5-B157879D2642}.Release|Any CPU.ActiveCfg = Release|Any CPU
		{5AF13BBB-1CE1-4B16-9FE5-B157879D2642}.Release|Any CPU.Build.0 = Release|Any CPU
		{EEDB10ED-9889-4336-A68F-55429FCF2F24}.Debug|Any CPU.ActiveCfg = Debug|Any CPU
		{EEDB10ED-9889-4336-A68F-55429FCF2F24}.Debug|Any CPU.Build.0 = Debug|Any CPU
		{EEDB10ED-9889-4336-A68F-55429FCF2F24}.Release|Any CPU.ActiveCfg = Release|Any CPU
		{EEDB10ED-9889-4336-A68F-55429FCF2F24}.Release|Any CPU.Build.0 = Release|Any CPU
		{9A86AD46-64EA-47B6-B029-6541E6A0253A}.Debug|Any CPU.ActiveCfg = Debug|Any CPU
		{9A86AD46-64EA-47B6-B029-6541E6A0253A}.Debug|Any CPU.Build.0 = Debug|Any CPU
		{9A86AD46-64EA-47B6-B029-6541E6A0253A}.Release|Any CPU.ActiveCfg = Release|Any CPU
		{9A86AD46-64EA-47B6-B029-6541E6A0253A}.Release|Any CPU.Build.0 = Release|Any CPU
		{D7AC21DE-DDF5-4C4E-A487-98C62693F1A9}.Debug|Any CPU.ActiveCfg = Debug|Any CPU
		{D7AC21DE-DDF5-4C4E-A487-98C62693F1A9}.Debug|Any CPU.Build.0 = Debug|Any CPU
		{D7AC21DE-DDF5-4C4E-A487-98C62693F1A9}.Release|Any CPU.ActiveCfg = Release|Any CPU
		{D7AC21DE-DDF5-4C4E-A487-98C62693F1A9}.Release|Any CPU.Build.0 = Release|Any CPU
		{3387DC18-1B51-47AD-B4F0-ED3411E88597}.Debug|Any CPU.ActiveCfg = Debug|Any CPU
		{3387DC18-1B51-47AD-B4F0-ED3411E88597}.Debug|Any CPU.Build.0 = Debug|Any CPU
		{3387DC18-1B51-47AD-B4F0-ED3411E88597}.Release|Any CPU.ActiveCfg = Release|Any CPU
		{3387DC18-1B51-47AD-B4F0-ED3411E88597}.Release|Any CPU.Build.0 = Release|Any CPU
		{FFE188B5-B8A7-48A1-B043-DEF5D590D8A5}.Debug|Any CPU.ActiveCfg = Debug|Any CPU
		{FFE188B5-B8A7-48A1-B043-DEF5D590D8A5}.Debug|Any CPU.Build.0 = Debug|Any CPU
		{FFE188B5-B8A7-48A1-B043-DEF5D590D8A5}.Release|Any CPU.ActiveCfg = Release|Any CPU
		{FFE188B5-B8A7-48A1-B043-DEF5D590D8A5}.Release|Any CPU.Build.0 = Release|Any CPU
		{12BE6BAC-2CF4-4661-A8DD-7E00ABF514D5}.Debug|Any CPU.ActiveCfg = Debug|Any CPU
		{12BE6BAC-2CF4-4661-A8DD-7E00ABF514D5}.Debug|Any CPU.Build.0 = Debug|Any CPU
		{12BE6BAC-2CF4-4661-A8DD-7E00ABF514D5}.Release|Any CPU.ActiveCfg = Release|Any CPU
		{12BE6BAC-2CF4-4661-A8DD-7E00ABF514D5}.Release|Any CPU.Build.0 = Release|Any CPU
		{84DFCACB-4D53-4672-B90A-741104338BAC}.Debug|Any CPU.ActiveCfg = Debug|Any CPU
		{84DFCACB-4D53-4672-B90A-741104338BAC}.Debug|Any CPU.Build.0 = Debug|Any CPU
		{84DFCACB-4D53-4672-B90A-741104338BAC}.Release|Any CPU.ActiveCfg = Release|Any CPU
		{84DFCACB-4D53-4672-B90A-741104338BAC}.Release|Any CPU.Build.0 = Release|Any CPU
		{0BE593AE-1065-46D9-A197-A2D58CE769B9}.Debug|Any CPU.ActiveCfg = Debug|Any CPU
		{0BE593AE-1065-46D9-A197-A2D58CE769B9}.Debug|Any CPU.Build.0 = Debug|Any CPU
		{0BE593AE-1065-46D9-A197-A2D58CE769B9}.Release|Any CPU.ActiveCfg = Release|Any CPU
		{0BE593AE-1065-46D9-A197-A2D58CE769B9}.Release|Any CPU.Build.0 = Release|Any CPU
	EndGlobalSection
	GlobalSection(SolutionProperties) = preSolution
		HideSolutionNode = FALSE
	EndGlobalSection
	GlobalSection(NestedProjects) = preSolution
		{0B9D2BD0-2193-4FB0-A939-79B0AED2467F} = {7E4532E6-7928-4E6F-8874-15482508447F}
		{93B51CBC-F5DA-4303-85BD-EF1CDECAA612} = {7E4532E6-7928-4E6F-8874-15482508447F}
		{83FA1304-3CE4-4709-8DC4-ABC542A46F64} = {2B0C7388-18D7-4E3C-8BDF-B7A414520615}
		{00A9F1A9-7C66-45F4-B3C4-B26FA63ABB33} = {7E4532E6-7928-4E6F-8874-15482508447F}
		{3A89EAE8-84BB-4E58-B74A-AB6BC34219F3} = {4E906FCE-BF6F-44B0-8E8D-C3F6AFEE6874}
		{3E19F3B1-253D-43F2-9AA6-41DDE1E0787E} = {4E906FCE-BF6F-44B0-8E8D-C3F6AFEE6874}
		{C9D49D56-C3B7-48C0-9FF7-83392A31A302} = {7E4532E6-7928-4E6F-8874-15482508447F}
		{91E8159E-31F5-468D-B7E2-6B369D270A20} = {4E906FCE-BF6F-44B0-8E8D-C3F6AFEE6874}
		{A2836390-3423-42D0-B148-BE408E00B122} = {4E906FCE-BF6F-44B0-8E8D-C3F6AFEE6874}
		{8CAC0AE2-E8C7-4452-9A11-F54264D20152} = {2B0C7388-18D7-4E3C-8BDF-B7A414520615}
		{94422BB0-2426-4FA2-B9C4-29F94A3CAD7F} = {2A028EC5-0824-4120-91A0-988F6AADE81C}
		{85AB536F-8852-40FB-BCB5-6CFE666630D4} = {2A028EC5-0824-4120-91A0-988F6AADE81C}
		{40DB0F5D-BB65-4027-B0A2-682628455D6A} = {2A028EC5-0824-4120-91A0-988F6AADE81C}
		{44061547-D707-4ABB-8A37-72B9A5F9C3C7} = {94422BB0-2426-4FA2-B9C4-29F94A3CAD7F}
		{A07DC816-C476-4EBA-BAFF-577B25BB009C} = {94422BB0-2426-4FA2-B9C4-29F94A3CAD7F}
		{C89B4340-499A-47F2-8008-D8CBB51918D2} = {85AB536F-8852-40FB-BCB5-6CFE666630D4}
		{48BE3392-8962-469E-A878-E6729523882D} = {85AB536F-8852-40FB-BCB5-6CFE666630D4}
		{3C7CBE00-6736-4F56-BAD9-E967BAAFFC30} = {85AB536F-8852-40FB-BCB5-6CFE666630D4}
		{2DFBE5B9-BC50-41E9-A745-262966B61740} = {40DB0F5D-BB65-4027-B0A2-682628455D6A}
		{236A8EA6-96DD-496D-B65B-A5A35C66F6EE} = {40DB0F5D-BB65-4027-B0A2-682628455D6A}
		{E68A9169-63D0-4913-BE05-54A9BCA38E82} = {4E906FCE-BF6F-44B0-8E8D-C3F6AFEE6874}
		{CDEB001F-0AAA-4575-93CC-70E4997CFAE2} = {85AB536F-8852-40FB-BCB5-6CFE666630D4}
		{0D040153-2183-4D25-861D-B3AD74953A4E} = {2B0C7388-18D7-4E3C-8BDF-B7A414520615}
		{10A70DD1-20E3-42C7-8D98-AD11C2970F4D} = {2CDDC9CB-DC5E-4E43-9C6C-DBC379581B34}
		{F5CBC403-00B6-4156-9719-78081997B25D} = {2B0C7388-18D7-4E3C-8BDF-B7A414520615}
		{A4BAC7F8-8472-4E07-93F9-49D3B91B49AA} = {242744A0-4C9B-4B89-9AC0-4188D186D4D2}
		{016CB702-19ED-4CBA-806E-29DABDB83653} = {242744A0-4C9B-4B89-9AC0-4188D186D4D2}
		{7333BE4F-8269-413B-82F6-FFAB7B6A4FCA} = {242744A0-4C9B-4B89-9AC0-4188D186D4D2}
		{87D36B90-18EC-4686-8E40-5E2E3EE2FE43} = {242744A0-4C9B-4B89-9AC0-4188D186D4D2}
		{ABCC3DDB-FE99-4822-9551-6A24C9E63998} = {242744A0-4C9B-4B89-9AC0-4188D186D4D2}
		{605AB381-D359-464D-9600-A45478B4FB69} = {242744A0-4C9B-4B89-9AC0-4188D186D4D2}
		{E9C28ACD-7807-423C-A0BD-C7369E46CCDA} = {242744A0-4C9B-4B89-9AC0-4188D186D4D2}
		{F03B95F0-6757-4FBD-887D-A7DDA95DEFCF} = {29D9A408-E435-410E-86C8-D7A7D3936908}
		{8CC82948-DF4B-4036-9183-2450F43911B2} = {AA656CE2-0BA6-49F0-AD4A-B54BA52DADE5}
		{143EDF5C-5970-4EF9-82C5-E11F96DF701A} = {FD0D3A59-9D7D-4C4F-B67F-C779EC7CBEB7}
		{2CB3D6DB-B509-41B1-84F8-1AA13AA43101} = {AA656CE2-0BA6-49F0-AD4A-B54BA52DADE5}
		{DC616BF5-7555-4972-99DC-71E208FA3C82} = {FD0D3A59-9D7D-4C4F-B67F-C779EC7CBEB7}
		{31FC611F-42BE-4506-AEF5-89BB59963695} = {2CDDC9CB-DC5E-4E43-9C6C-DBC379581B34}
		{AA4CE8C2-8F3B-403C-97FF-4AC09120BB30} = {40DB0F5D-BB65-4027-B0A2-682628455D6A}
		{B6B5E69E-F32C-45C0-9D69-6F7AE1B5CC74} = {242744A0-4C9B-4B89-9AC0-4188D186D4D2}
		{DC83E05E-6BD8-49B4-B133-87ADF186E432} = {40DB0F5D-BB65-4027-B0A2-682628455D6A}
		{7D2893AE-B880-4AB1-9377-B508D4C0958C} = {94422BB0-2426-4FA2-B9C4-29F94A3CAD7F}
		{9EF4F6E1-22DF-4568-9D97-8087EAFD960F} = {242744A0-4C9B-4B89-9AC0-4188D186D4D2}
		{B88DCFEF-61DD-4752-B1E0-D10287752CF6} = {2B0C7388-18D7-4E3C-8BDF-B7A414520615}
		{5F8D6E77-35E5-4012-B5A4-08765E9CCEC5} = {2CDDC9CB-DC5E-4E43-9C6C-DBC379581B34}
		{65EC6EA0-6289-4F43-8EAE-484CA6C55982} = {2B0C7388-18D7-4E3C-8BDF-B7A414520615}
		{A854EA47-E25C-4412-B983-BC5C49E02F8E} = {2CDDC9CB-DC5E-4E43-9C6C-DBC379581B34}
		{402259E1-BA43-4747-94FA-9ECB1862C564} = {242744A0-4C9B-4B89-9AC0-4188D186D4D2}
		{73F57B0C-921B-4EE7-AF11-8678384178DE} = {AA656CE2-0BA6-49F0-AD4A-B54BA52DADE5}
		{741037BE-4A8A-45B3-BF74-B28331982FC8} = {242744A0-4C9B-4B89-9AC0-4188D186D4D2}
		{EFD20B77-E69D-4D00-A737-F3BDC8DE50C1} = {242744A0-4C9B-4B89-9AC0-4188D186D4D2}
		{2EB7D04C-E0E7-4AB2-8916-D9A5143F92A7} = {242744A0-4C9B-4B89-9AC0-4188D186D4D2}
		{D9F21769-910D-4D54-8CE0-7C370C8DEBE8} = {FD0D3A59-9D7D-4C4F-B67F-C779EC7CBEB7}
		{C5D6D04F-F7F1-4C6A-A4D3-DB8965088B7C} = {2B0C7388-18D7-4E3C-8BDF-B7A414520615}
		{BF6E961C-8989-4560-B07F-50F1E8642EAF} = {2B0C7388-18D7-4E3C-8BDF-B7A414520615}
		{C2D0B652-C331-4728-8836-FF1F0B5EC746} = {2CDDC9CB-DC5E-4E43-9C6C-DBC379581B34}
		{C2CEB3A7-7E9B-4465-92E6-67D5E8937AAF} = {31FC611F-42BE-4506-AEF5-89BB59963695}
		{329AD7C0-8CF7-4EB0-A143-BDE1576A94CC} = {2B0C7388-18D7-4E3C-8BDF-B7A414520615}
		{30383219-CC1D-47E2-9B01-EDC80A6FC8AF} = {2B0C7388-18D7-4E3C-8BDF-B7A414520615}
		{5AF13BBB-1CE1-4B16-9FE5-B157879D2642} = {242744A0-4C9B-4B89-9AC0-4188D186D4D2}
		{EEDB10ED-9889-4336-A68F-55429FCF2F24} = {242744A0-4C9B-4B89-9AC0-4188D186D4D2}
		{9A86AD46-64EA-47B6-B029-6541E6A0253A} = {2CDDC9CB-DC5E-4E43-9C6C-DBC379581B34}
		{D7AC21DE-DDF5-4C4E-A487-98C62693F1A9} = {2B0C7388-18D7-4E3C-8BDF-B7A414520615}
		{3387DC18-1B51-47AD-B4F0-ED3411E88597} = {94422BB0-2426-4FA2-B9C4-29F94A3CAD7F}
		{FFE188B5-B8A7-48A1-B043-DEF5D590D8A5} = {242744A0-4C9B-4B89-9AC0-4188D186D4D2}
		{12BE6BAC-2CF4-4661-A8DD-7E00ABF514D5} = {7E4532E6-7928-4E6F-8874-15482508447F}
		{84DFCACB-4D53-4672-B90A-741104338BAC} = {2B0C7388-18D7-4E3C-8BDF-B7A414520615}
		{0BE593AE-1065-46D9-A197-A2D58CE769B9} = {2CDDC9CB-DC5E-4E43-9C6C-DBC379581B34}
	EndGlobalSection
	GlobalSection(ExtensibilityGlobals) = postSolution
		SolutionGuid = {DEAA90E2-A175-4FAA-99F1-30B64D8D3125}
	EndGlobalSection
EndGlobal
