
Microsoft Visual Studio Solution File, Format Version 12.00
# Visual Studio Version 16
VisualStudioVersion = 16.0.29503.13
MinimumVisualStudioVersion = 10.0.40219.1
Project("{2150E333-8FDC-42A3-9474-1A3956D46DE8}") = "Core", "Core", "{7E4532E6-7928-4E6F-8874-15482508447F}"
EndProject
Project("{9A19103F-16F7-4668-BE54-9A1E7A4F7556}") = "Pixel.Automation.Core", "Pixel.Automation.Core\Pixel.Automation.Core.csproj", "{0B9D2BD0-2193-4FB0-A939-79B0AED2467F}"
EndProject
Project("{9A19103F-16F7-4668-BE54-9A1E7A4F7556}") = "Pixel.Automation.Core.Components", "Pixel.Automation.Core.Components\Pixel.Automation.Core.Components.csproj", "{93B51CBC-F5DA-4303-85BD-EF1CDECAA612}"
EndProject
Project("{9A19103F-16F7-4668-BE54-9A1E7A4F7556}") = "Pixel.Automation.Scripting.Components", "Pixel.Automation.Scripting.Components\Pixel.Automation.Scripting.Components.csproj", "{83FA1304-3CE4-4709-8DC4-ABC542A46F64}"
EndProject
Project("{9A19103F-16F7-4668-BE54-9A1E7A4F7556}") = "Pixel.Automation.RunTime", "Pixel.Automation.RunTime\Pixel.Automation.RunTime.csproj", "{00A9F1A9-7C66-45F4-B3C4-B26FA63ABB33}"
EndProject
Project("{2150E333-8FDC-42A3-9474-1A3956D46DE8}") = "Scripting", "Scripting", "{4E906FCE-BF6F-44B0-8E8D-C3F6AFEE6874}"
EndProject
Project("{9A19103F-16F7-4668-BE54-9A1E7A4F7556}") = "Pixel.Scripting.CodeGeneration", "Pixel.Scripting.CodeGeneration\Pixel.Scripting.CodeGeneration.csproj", "{3A89EAE8-84BB-4E58-B74A-AB6BC34219F3}"
EndProject
Project("{9A19103F-16F7-4668-BE54-9A1E7A4F7556}") = "Pixel.Scripting.Common.CSharp", "Pixel.Scripting.Common.CSharp\Pixel.Scripting.Common.CSharp.csproj", "{3E19F3B1-253D-43F2-9AA6-41DDE1E0787E}"
EndProject
Project("{9A19103F-16F7-4668-BE54-9A1E7A4F7556}") = "Pixel.Scripting.Engine.CSharp", "Pixel.Scripting.Engine.CSharp\Pixel.Scripting.Engine.CSharp.csproj", "{C9D49D56-C3B7-48C0-9FF7-83392A31A302}"
EndProject
Project("{2150E333-8FDC-42A3-9474-1A3956D46DE8}") = "UI", "UI", "{2A028EC5-0824-4120-91A0-988F6AADE81C}"
EndProject
Project("{9A19103F-16F7-4668-BE54-9A1E7A4F7556}") = "Pixel.Scripting.Editor.Services.CSharp", "Pixel.Scripting.Editor.Services.CSharp\Pixel.Scripting.Editor.Services.CSharp.csproj", "{91E8159E-31F5-468D-B7E2-6B369D270A20}"
EndProject
Project("{9A19103F-16F7-4668-BE54-9A1E7A4F7556}") = "Pixel.Scripting.Editor.Core", "Pixel.Scripting.Editor.Core\Pixel.Scripting.Editor.Core.csproj", "{A2836390-3423-42D0-B148-BE408E00B122}"
EndProject
Project("{2150E333-8FDC-42A3-9474-1A3956D46DE8}") = "Automation", "Automation", "{2B0C7388-18D7-4E3C-8BDF-B7A414520615}"
EndProject
Project("{9A19103F-16F7-4668-BE54-9A1E7A4F7556}") = "Pixel.Automation.Input.Devices", "Pixel.Automation.Input.Devices\Pixel.Automation.Input.Devices.csproj", "{879B0937-E80E-4E14-83ED-5D055AA0D528}"
EndProject
Project("{9A19103F-16F7-4668-BE54-9A1E7A4F7556}") = "Pixel.Automation.Window.Management", "Pixel.Automation.Window.Management\Pixel.Automation.Window.Management.csproj", "{80B49469-0B0F-4D05-ADA6-09B73495AC91}"
EndProject
Project("{9A19103F-16F7-4668-BE54-9A1E7A4F7556}") = "Pixel.Automation.Web.Selenium.Components", "Pixel.Automation.Web.Selenium.Components\Pixel.Automation.Web.Selenium.Components.csproj", "{8CAC0AE2-E8C7-4452-9A11-F54264D20152}"
EndProject
Project("{2150E333-8FDC-42A3-9474-1A3956D46DE8}") = "Screen.Scrappers", "Screen.Scrappers", "{2CDDC9CB-DC5E-4E43-9C6C-DBC379581B34}"
EndProject
Project("{9A19103F-16F7-4668-BE54-9A1E7A4F7556}") = "Pixel.Automation.Web.Scrapper", "Pixel.Automation.Web.Scrapper\Pixel.Automation.Web.Scrapper.csproj", "{1AEFEAB7-4292-46A8-8699-C5611AF8E353}"
EndProject
Project("{2150E333-8FDC-42A3-9474-1A3956D46DE8}") = "Windows", "Windows", "{64E386BD-81E7-4778-901E-90055EC9DDD3}"
EndProject
Project("{2150E333-8FDC-42A3-9474-1A3956D46DE8}") = "Editors", "Editors", "{94422BB0-2426-4FA2-B9C4-29F94A3CAD7F}"
EndProject
Project("{2150E333-8FDC-42A3-9474-1A3956D46DE8}") = "ViewModels", "ViewModels", "{85AB536F-8852-40FB-BCB5-6CFE666630D4}"
EndProject
Project("{2150E333-8FDC-42A3-9474-1A3956D46DE8}") = "Views", "Views", "{40DB0F5D-BB65-4027-B0A2-682628455D6A}"
EndProject
Project("{9A19103F-16F7-4668-BE54-9A1E7A4F7556}") = "Pixel.Automation.Editor.Core", "Pixel.Automation.Editor.Core\Pixel.Automation.Editor.Core.csproj", "{44061547-D707-4ABB-8A37-72B9A5F9C3C7}"
EndProject
Project("{9A19103F-16F7-4668-BE54-9A1E7A4F7556}") = "Xceed.Wpf.AvalonDock.Themes.MahApps", "Xceed.Wpf.AvalonDock.Themes.MahApps\Xceed.Wpf.AvalonDock.Themes.MahApps.csproj", "{A07DC816-C476-4EBA-BAFF-577B25BB009C}"
EndProject
Project("{9A19103F-16F7-4668-BE54-9A1E7A4F7556}") = "Pixel.Automation.TestExplorer.ViewModels", "ViewModels\Pixel.Automation.TestExplorer.ViewModels\Pixel.Automation.TestExplorer.ViewModels.csproj", "{C89B4340-499A-47F2-8008-D8CBB51918D2}"
EndProject
Project("{9A19103F-16F7-4668-BE54-9A1E7A4F7556}") = "Pixel.Automation.AppExplorer.ViewModels", "ViewModels\Pixel.Automation.AppExplorer.ViewModels\Pixel.Automation.AppExplorer.ViewModels.csproj", "{48BE3392-8962-469E-A878-E6729523882D}"
EndProject
Project("{9A19103F-16F7-4668-BE54-9A1E7A4F7556}") = "Pixel.Automation.Designer.ViewModels", "ViewModels\Pixel.Automation.Designer.ViewModels\Pixel.Automation.Designer.ViewModels.csproj", "{3C7CBE00-6736-4F56-BAD9-E967BAAFFC30}"
EndProject
Project("{9A19103F-16F7-4668-BE54-9A1E7A4F7556}") = "Pixel.Automation.AppExplorer.Views", "Views\Pixel.Automation.AppExplorer.Views\Pixel.Automation.AppExplorer.Views.csproj", "{2DFBE5B9-BC50-41E9-A745-262966B61740}"
EndProject
Project("{9A19103F-16F7-4668-BE54-9A1E7A4F7556}") = "Pixel.Automation.Designer.Views", "Views\Pixel.Automation.Designer.Views\Pixel.Automation.Designer.Views.csproj", "{236A8EA6-96DD-496D-B65B-A5A35C66F6EE}"
EndProject
Project("{9A19103F-16F7-4668-BE54-9A1E7A4F7556}") = "Pixel.Scripting.Script.Editor", "Pixel.Scripting.Script.Editor\Pixel.Scripting.Script.Editor.csproj", "{E68A9169-63D0-4913-BE05-54A9BCA38E82}"
EndProject
Project("{2150E333-8FDC-42A3-9474-1A3956D46DE8}") = "Solution Items", "Solution Items", "{7FAAFBB0-7D80-4076-ABA8-42AAACCC37E9}"
	ProjectSection(SolutionItems) = preProject
		BuildScripts\Arguments.cake = BuildScripts\Arguments.cake
		build.cake = build.cake
		BuildScripts\Components.cake = BuildScripts\Components.cake
		BuildScripts\Core.cake = BuildScripts\Core.cake
		BuildScripts\DirectoryStructure.cake = BuildScripts\DirectoryStructure.cake
		BuildScripts\Editors.cake = BuildScripts\Editors.cake
		BuildScripts\Projects.cake = BuildScripts\Projects.cake
		BuildScripts\Scrappers.cake = BuildScripts\Scrappers.cake
		BuildScripts\Windows.cake = BuildScripts\Windows.cake
	EndProjectSection
EndProject
Project("{9A19103F-16F7-4668-BE54-9A1E7A4F7556}") = "Pixel.Automation.TestData.Repository.ViewModels", "ViewModels\Pixel.Automation.TestData.Repository.ViewModels\Pixel.Automation.TestData.Repository.ViewModels.csproj", "{CDEB001F-0AAA-4575-93CC-70E4997CFAE2}"
EndProject
Project("{9A19103F-16F7-4668-BE54-9A1E7A4F7556}") = "Pixel.Automation.UIA.Components", "Pixel.Automation.UIA.Components\Pixel.Automation.UIA.Components.csproj", "{0D040153-2183-4D25-861D-B3AD74953A4E}"
EndProject
Project("{9A19103F-16F7-4668-BE54-9A1E7A4F7556}") = "Pixel.Automation.UIA.Scrapper", "Pixel.Automation.UIA.Scrapper\Pixel.Automation.UIA.Scrapper.csproj", "{10A70DD1-20E3-42C7-8D98-AD11C2970F4D}"
EndProject
Project("{9A19103F-16F7-4668-BE54-9A1E7A4F7556}") = "Pixel.Automation.Native.Windows", "Pixel.Automation.Native.Windows\Pixel.Automation.Native.Windows.csproj", "{F5CBC403-00B6-4156-9719-78081997B25D}"
EndProject
Project("{2150E333-8FDC-42A3-9474-1A3956D46DE8}") = "Unit.Tests", "Unit.Tests", "{242744A0-4C9B-4B89-9AC0-4188D186D4D2}"
EndProject
Project("{9A19103F-16F7-4668-BE54-9A1E7A4F7556}") = "Pixel.Automation.Core.Tests", "Unit.Tests\Pixel.Automation.Core.Tests\Pixel.Automation.Core.Tests.csproj", "{A4BAC7F8-8472-4E07-93F9-49D3B91B49AA}"
EndProject
Project("{9A19103F-16F7-4668-BE54-9A1E7A4F7556}") = "Pixel.Automation.Test.Helpers", "Unit.Tests\Pixel.Automation.Test.Helpers\Pixel.Automation.Test.Helpers.csproj", "{016CB702-19ED-4CBA-806E-29DABDB83653}"
EndProject
Project("{9A19103F-16F7-4668-BE54-9A1E7A4F7556}") = "Pixel.Automation.Core.Components.Tests", "Unit.Tests\Pixel.Automation.Core.Components.Tests\Pixel.Automation.Core.Components.Tests.csproj", "{7333BE4F-8269-413B-82F6-FFAB7B6A4FCA}"
EndProject
Project("{9A19103F-16F7-4668-BE54-9A1E7A4F7556}") = "Pixel.Scripting.Engine.CSharp.Tests", "Unit.Tests\Pixel.Scripting.Engine.CSharp.Tests\Pixel.Scripting.Engine.CSharp.Tests.csproj", "{87D36B90-18EC-4686-8E40-5E2E3EE2FE43}"
EndProject
Project("{9A19103F-16F7-4668-BE54-9A1E7A4F7556}") = "Pixel.Automation.Scripting.Components.Tests", "Unit.Tests\Pixel.Automation.Scripting.Components.Tests\Pixel.Automation.Scripting.Components.Tests.csproj", "{ABCC3DDB-FE99-4822-9551-6A24C9E63998}"
EndProject
Project("{9A19103F-16F7-4668-BE54-9A1E7A4F7556}") = "Pixel.Automation.RunTime.Tests", "Unit.Tests\Pixel.Automation.RunTime.Tests\Pixel.Automation.RunTime.Tests.csproj", "{605AB381-D359-464D-9600-A45478B4FB69}"
EndProject
Project("{9A19103F-16F7-4668-BE54-9A1E7A4F7556}") = "Pixel.Automation.Window.Management.Tests", "Unit.Tests\Pixel.Automation.Window.Management.Tests\Pixel.Automation.Window.Management.Tests.csproj", "{CB2D66A6-B67E-4F3A-AE4E-E08BFE025001}"
EndProject
Project("{9A19103F-16F7-4668-BE54-9A1E7A4F7556}") = "Pixel.Automation.Input.Devices.Tests", "Unit.Tests\Pixel.Automation.Input.Devices.Tests\Pixel.Automation.Input.Devices.Tests.csproj", "{96FBE50C-DB2E-43F6-84F7-7F29481E889E}"
EndProject
Project("{9A19103F-16F7-4668-BE54-9A1E7A4F7556}") = "Pixel.Automation.Web.Selenium.Components.Tests", "Unit.Tests\Pixel.Automation.Web.Selenium.Components.Tests\Pixel.Automation.Web.Selenium.Components.Tests.csproj", "{E9C28ACD-7807-423C-A0BD-C7369E46CCDA}"
EndProject
Project("{2150E333-8FDC-42A3-9474-1A3956D46DE8}") = "Test.Runner", "Test.Runner", "{29D9A408-E435-410E-86C8-D7A7D3936908}"
EndProject
Project("{9A19103F-16F7-4668-BE54-9A1E7A4F7556}") = "Pixel.Automation.Test.Runner", "Pixel.Automation.Test.Runner\Pixel.Automation.Test.Runner.csproj", "{F03B95F0-6757-4FBD-887D-A7DDA95DEFCF}"
EndProject
Project("{2150E333-8FDC-42A3-9474-1A3956D46DE8}") = "Services", "Services", "{AA656CE2-0BA6-49F0-AD4A-B54BA52DADE5}"
EndProject
Project("{9A19103F-16F7-4668-BE54-9A1E7A4F7556}") = "Pixel.Persistence.Services.Api", "Pixel.Persistence.Services.Api\Pixel.Persistence.Services.Api.csproj", "{8CC82948-DF4B-4036-9183-2450F43911B2}"
EndProject
Project("{2150E333-8FDC-42A3-9474-1A3956D46DE8}") = "Shared", "Shared", "{FD0D3A59-9D7D-4C4F-B67F-C779EC7CBEB7}"
EndProject
Project("{9A19103F-16F7-4668-BE54-9A1E7A4F7556}") = "Pixel.Persistence.Core", "Pixel.Persistence.Core\Pixel.Persistence.Core.csproj", "{143EDF5C-5970-4EF9-82C5-E11F96DF701A}"
EndProject
Project("{9A19103F-16F7-4668-BE54-9A1E7A4F7556}") = "Pixel.Persistence.Respository", "Pixel.Persistence.Respository\Pixel.Persistence.Respository.csproj", "{2CB3D6DB-B509-41B1-84F8-1AA13AA43101}"
EndProject
Project("{9A19103F-16F7-4668-BE54-9A1E7A4F7556}") = "Pixel.Persistence.Services.Client", "Pixel.Persistence.Services.Client\Pixel.Persistence.Services.Client.csproj", "{DC616BF5-7555-4972-99DC-71E208FA3C82}"
EndProject
Project("{2150E333-8FDC-42A3-9474-1A3956D46DE8}") = "Extensions", "Extensions", "{31FC611F-42BE-4506-AEF5-89BB59963695}"
EndProject
Project("{2150E333-8FDC-42A3-9474-1A3956D46DE8}") = "Chrome", "Chrome", "{B2D4CDAA-BC63-45DC-95E4-57A78FEF3DF0}"
	ProjectSection(SolutionItems) = preProject
		Extensions\Chrome\background.html = Extensions\Chrome\background.html
		Extensions\Chrome\background.js = Extensions\Chrome\background.js
		Extensions\Chrome\icon.png = Extensions\Chrome\icon.png
		Extensions\Chrome\jquery-1.6.4-vsdoc.js = Extensions\Chrome\jquery-1.6.4-vsdoc.js
		Extensions\Chrome\jquery-1.6.4.min.js = Extensions\Chrome\jquery-1.6.4.min.js
		Extensions\Chrome\manifest.json = Extensions\Chrome\manifest.json
		Extensions\Chrome\optimal-select.min.js = Extensions\Chrome\optimal-select.min.js
		Extensions\Chrome\signalr.js = Extensions\Chrome\signalr.js
		Extensions\Chrome\Web.Scrapper.js = Extensions\Chrome\Web.Scrapper.js
	EndProjectSection
EndProject
Project("{9A19103F-16F7-4668-BE54-9A1E7A4F7556}") = "Pixel.Automation.TestExplorer.Views", "Views\Pixel.Automation.TestExplorer.Views\Pixel.Automation.TestExplorer.Views.csproj", "{AA4CE8C2-8F3B-403C-97FF-4AC09120BB30}"
EndProject
Project("{9A19103F-16F7-4668-BE54-9A1E7A4F7556}") = "Pixel.Automation.TestExplorer.ViewModels.Tests", "Unit.Tests\Pixel.Automation.TestExplorer.ViewModels.Tests\Pixel.Automation.TestExplorer.ViewModels.Tests.csproj", "{B6B5E69E-F32C-45C0-9D69-6F7AE1B5CC74}"
EndProject
Project("{FAE04EC0-301F-11D3-BF4B-00C04F79EFBC}") = "Pixel.Automation.TestData.Repository.Views", "Views\Pixel.Automation.TestData.Repository.Views\Pixel.Automation.TestData.Repository.Views.csproj", "{DC83E05E-6BD8-49B4-B133-87ADF186E432}"
EndProject
Project("{FAE04EC0-301F-11D3-BF4B-00C04F79EFBC}") = "Pixel.Automation.Editor.Controls", "Pixel.Automation.Editor.Controls\Pixel.Automation.Editor.Controls.csproj", "{7D2893AE-B880-4AB1-9377-B508D4C0958C}"
EndProject
Global
	GlobalSection(SolutionConfigurationPlatforms) = preSolution
		Debug|Any CPU = Debug|Any CPU
		Release|Any CPU = Release|Any CPU
	EndGlobalSection
	GlobalSection(ProjectConfigurationPlatforms) = postSolution
		{0B9D2BD0-2193-4FB0-A939-79B0AED2467F}.Debug|Any CPU.ActiveCfg = Debug|Any CPU
		{0B9D2BD0-2193-4FB0-A939-79B0AED2467F}.Debug|Any CPU.Build.0 = Debug|Any CPU
		{0B9D2BD0-2193-4FB0-A939-79B0AED2467F}.Release|Any CPU.ActiveCfg = Release|Any CPU
		{0B9D2BD0-2193-4FB0-A939-79B0AED2467F}.Release|Any CPU.Build.0 = Release|Any CPU
		{93B51CBC-F5DA-4303-85BD-EF1CDECAA612}.Debug|Any CPU.ActiveCfg = Debug|Any CPU
		{93B51CBC-F5DA-4303-85BD-EF1CDECAA612}.Debug|Any CPU.Build.0 = Debug|Any CPU
		{93B51CBC-F5DA-4303-85BD-EF1CDECAA612}.Release|Any CPU.ActiveCfg = Release|Any CPU
		{93B51CBC-F5DA-4303-85BD-EF1CDECAA612}.Release|Any CPU.Build.0 = Release|Any CPU
		{83FA1304-3CE4-4709-8DC4-ABC542A46F64}.Debug|Any CPU.ActiveCfg = Debug|Any CPU
		{83FA1304-3CE4-4709-8DC4-ABC542A46F64}.Debug|Any CPU.Build.0 = Debug|Any CPU
		{83FA1304-3CE4-4709-8DC4-ABC542A46F64}.Release|Any CPU.ActiveCfg = Release|Any CPU
		{83FA1304-3CE4-4709-8DC4-ABC542A46F64}.Release|Any CPU.Build.0 = Release|Any CPU
		{00A9F1A9-7C66-45F4-B3C4-B26FA63ABB33}.Debug|Any CPU.ActiveCfg = Debug|Any CPU
		{00A9F1A9-7C66-45F4-B3C4-B26FA63ABB33}.Debug|Any CPU.Build.0 = Debug|Any CPU
		{00A9F1A9-7C66-45F4-B3C4-B26FA63ABB33}.Release|Any CPU.ActiveCfg = Release|Any CPU
		{00A9F1A9-7C66-45F4-B3C4-B26FA63ABB33}.Release|Any CPU.Build.0 = Release|Any CPU
		{3A89EAE8-84BB-4E58-B74A-AB6BC34219F3}.Debug|Any CPU.ActiveCfg = Debug|Any CPU
		{3A89EAE8-84BB-4E58-B74A-AB6BC34219F3}.Debug|Any CPU.Build.0 = Debug|Any CPU
		{3A89EAE8-84BB-4E58-B74A-AB6BC34219F3}.Release|Any CPU.ActiveCfg = Release|Any CPU
		{3A89EAE8-84BB-4E58-B74A-AB6BC34219F3}.Release|Any CPU.Build.0 = Release|Any CPU
		{3E19F3B1-253D-43F2-9AA6-41DDE1E0787E}.Debug|Any CPU.ActiveCfg = Debug|Any CPU
		{3E19F3B1-253D-43F2-9AA6-41DDE1E0787E}.Debug|Any CPU.Build.0 = Debug|Any CPU
		{3E19F3B1-253D-43F2-9AA6-41DDE1E0787E}.Release|Any CPU.ActiveCfg = Release|Any CPU
		{3E19F3B1-253D-43F2-9AA6-41DDE1E0787E}.Release|Any CPU.Build.0 = Release|Any CPU
		{C9D49D56-C3B7-48C0-9FF7-83392A31A302}.Debug|Any CPU.ActiveCfg = Debug|Any CPU
		{C9D49D56-C3B7-48C0-9FF7-83392A31A302}.Debug|Any CPU.Build.0 = Debug|Any CPU
		{C9D49D56-C3B7-48C0-9FF7-83392A31A302}.Release|Any CPU.ActiveCfg = Release|Any CPU
		{C9D49D56-C3B7-48C0-9FF7-83392A31A302}.Release|Any CPU.Build.0 = Release|Any CPU
		{91E8159E-31F5-468D-B7E2-6B369D270A20}.Debug|Any CPU.ActiveCfg = Debug|Any CPU
		{91E8159E-31F5-468D-B7E2-6B369D270A20}.Debug|Any CPU.Build.0 = Debug|Any CPU
		{91E8159E-31F5-468D-B7E2-6B369D270A20}.Release|Any CPU.ActiveCfg = Release|Any CPU
		{91E8159E-31F5-468D-B7E2-6B369D270A20}.Release|Any CPU.Build.0 = Release|Any CPU
		{A2836390-3423-42D0-B148-BE408E00B122}.Debug|Any CPU.ActiveCfg = Debug|Any CPU
		{A2836390-3423-42D0-B148-BE408E00B122}.Debug|Any CPU.Build.0 = Debug|Any CPU
		{A2836390-3423-42D0-B148-BE408E00B122}.Release|Any CPU.ActiveCfg = Release|Any CPU
		{A2836390-3423-42D0-B148-BE408E00B122}.Release|Any CPU.Build.0 = Release|Any CPU
		{879B0937-E80E-4E14-83ED-5D055AA0D528}.Debug|Any CPU.ActiveCfg = Debug|Any CPU
		{879B0937-E80E-4E14-83ED-5D055AA0D528}.Debug|Any CPU.Build.0 = Debug|Any CPU
		{879B0937-E80E-4E14-83ED-5D055AA0D528}.Release|Any CPU.ActiveCfg = Release|Any CPU
		{879B0937-E80E-4E14-83ED-5D055AA0D528}.Release|Any CPU.Build.0 = Release|Any CPU
		{80B49469-0B0F-4D05-ADA6-09B73495AC91}.Debug|Any CPU.ActiveCfg = Debug|Any CPU
		{80B49469-0B0F-4D05-ADA6-09B73495AC91}.Debug|Any CPU.Build.0 = Debug|Any CPU
		{80B49469-0B0F-4D05-ADA6-09B73495AC91}.Release|Any CPU.ActiveCfg = Release|Any CPU
		{80B49469-0B0F-4D05-ADA6-09B73495AC91}.Release|Any CPU.Build.0 = Release|Any CPU
		{8CAC0AE2-E8C7-4452-9A11-F54264D20152}.Debug|Any CPU.ActiveCfg = Debug|Any CPU
		{8CAC0AE2-E8C7-4452-9A11-F54264D20152}.Debug|Any CPU.Build.0 = Debug|Any CPU
		{8CAC0AE2-E8C7-4452-9A11-F54264D20152}.Release|Any CPU.ActiveCfg = Release|Any CPU
		{8CAC0AE2-E8C7-4452-9A11-F54264D20152}.Release|Any CPU.Build.0 = Release|Any CPU
		{1AEFEAB7-4292-46A8-8699-C5611AF8E353}.Debug|Any CPU.ActiveCfg = Debug|Any CPU
		{1AEFEAB7-4292-46A8-8699-C5611AF8E353}.Debug|Any CPU.Build.0 = Debug|Any CPU
		{1AEFEAB7-4292-46A8-8699-C5611AF8E353}.Release|Any CPU.ActiveCfg = Release|Any CPU
		{1AEFEAB7-4292-46A8-8699-C5611AF8E353}.Release|Any CPU.Build.0 = Release|Any CPU
		{44061547-D707-4ABB-8A37-72B9A5F9C3C7}.Debug|Any CPU.ActiveCfg = Debug|Any CPU
		{44061547-D707-4ABB-8A37-72B9A5F9C3C7}.Debug|Any CPU.Build.0 = Debug|Any CPU
		{44061547-D707-4ABB-8A37-72B9A5F9C3C7}.Release|Any CPU.ActiveCfg = Release|Any CPU
		{44061547-D707-4ABB-8A37-72B9A5F9C3C7}.Release|Any CPU.Build.0 = Release|Any CPU
		{A07DC816-C476-4EBA-BAFF-577B25BB009C}.Debug|Any CPU.ActiveCfg = Debug|Any CPU
		{A07DC816-C476-4EBA-BAFF-577B25BB009C}.Debug|Any CPU.Build.0 = Debug|Any CPU
		{A07DC816-C476-4EBA-BAFF-577B25BB009C}.Release|Any CPU.ActiveCfg = Release|Any CPU
		{A07DC816-C476-4EBA-BAFF-577B25BB009C}.Release|Any CPU.Build.0 = Release|Any CPU
		{C89B4340-499A-47F2-8008-D8CBB51918D2}.Debug|Any CPU.ActiveCfg = Debug|Any CPU
		{C89B4340-499A-47F2-8008-D8CBB51918D2}.Debug|Any CPU.Build.0 = Debug|Any CPU
		{C89B4340-499A-47F2-8008-D8CBB51918D2}.Release|Any CPU.ActiveCfg = Release|Any CPU
		{C89B4340-499A-47F2-8008-D8CBB51918D2}.Release|Any CPU.Build.0 = Release|Any CPU
		{48BE3392-8962-469E-A878-E6729523882D}.Debug|Any CPU.ActiveCfg = Debug|Any CPU
		{48BE3392-8962-469E-A878-E6729523882D}.Debug|Any CPU.Build.0 = Debug|Any CPU
		{48BE3392-8962-469E-A878-E6729523882D}.Release|Any CPU.ActiveCfg = Release|Any CPU
		{48BE3392-8962-469E-A878-E6729523882D}.Release|Any CPU.Build.0 = Release|Any CPU
		{3C7CBE00-6736-4F56-BAD9-E967BAAFFC30}.Debug|Any CPU.ActiveCfg = Debug|Any CPU
		{3C7CBE00-6736-4F56-BAD9-E967BAAFFC30}.Debug|Any CPU.Build.0 = Debug|Any CPU
		{3C7CBE00-6736-4F56-BAD9-E967BAAFFC30}.Release|Any CPU.ActiveCfg = Release|Any CPU
		{3C7CBE00-6736-4F56-BAD9-E967BAAFFC30}.Release|Any CPU.Build.0 = Release|Any CPU
		{2DFBE5B9-BC50-41E9-A745-262966B61740}.Debug|Any CPU.ActiveCfg = Debug|Any CPU
		{2DFBE5B9-BC50-41E9-A745-262966B61740}.Debug|Any CPU.Build.0 = Debug|Any CPU
		{2DFBE5B9-BC50-41E9-A745-262966B61740}.Release|Any CPU.ActiveCfg = Release|Any CPU
		{2DFBE5B9-BC50-41E9-A745-262966B61740}.Release|Any CPU.Build.0 = Release|Any CPU
		{236A8EA6-96DD-496D-B65B-A5A35C66F6EE}.Debug|Any CPU.ActiveCfg = Debug|Any CPU
		{236A8EA6-96DD-496D-B65B-A5A35C66F6EE}.Debug|Any CPU.Build.0 = Debug|Any CPU
		{236A8EA6-96DD-496D-B65B-A5A35C66F6EE}.Release|Any CPU.ActiveCfg = Release|Any CPU
		{236A8EA6-96DD-496D-B65B-A5A35C66F6EE}.Release|Any CPU.Build.0 = Release|Any CPU
		{E68A9169-63D0-4913-BE05-54A9BCA38E82}.Debug|Any CPU.ActiveCfg = Debug|Any CPU
		{E68A9169-63D0-4913-BE05-54A9BCA38E82}.Debug|Any CPU.Build.0 = Debug|Any CPU
		{E68A9169-63D0-4913-BE05-54A9BCA38E82}.Release|Any CPU.ActiveCfg = Release|Any CPU
		{E68A9169-63D0-4913-BE05-54A9BCA38E82}.Release|Any CPU.Build.0 = Release|Any CPU
		{CDEB001F-0AAA-4575-93CC-70E4997CFAE2}.Debug|Any CPU.ActiveCfg = Debug|Any CPU
		{CDEB001F-0AAA-4575-93CC-70E4997CFAE2}.Debug|Any CPU.Build.0 = Debug|Any CPU
		{CDEB001F-0AAA-4575-93CC-70E4997CFAE2}.Release|Any CPU.ActiveCfg = Release|Any CPU
		{CDEB001F-0AAA-4575-93CC-70E4997CFAE2}.Release|Any CPU.Build.0 = Release|Any CPU
		{0D040153-2183-4D25-861D-B3AD74953A4E}.Debug|Any CPU.ActiveCfg = Debug|Any CPU
		{0D040153-2183-4D25-861D-B3AD74953A4E}.Debug|Any CPU.Build.0 = Debug|Any CPU
		{0D040153-2183-4D25-861D-B3AD74953A4E}.Release|Any CPU.ActiveCfg = Release|Any CPU
		{0D040153-2183-4D25-861D-B3AD74953A4E}.Release|Any CPU.Build.0 = Release|Any CPU
		{10A70DD1-20E3-42C7-8D98-AD11C2970F4D}.Debug|Any CPU.ActiveCfg = Debug|Any CPU
		{10A70DD1-20E3-42C7-8D98-AD11C2970F4D}.Debug|Any CPU.Build.0 = Debug|Any CPU
		{10A70DD1-20E3-42C7-8D98-AD11C2970F4D}.Release|Any CPU.ActiveCfg = Release|Any CPU
		{10A70DD1-20E3-42C7-8D98-AD11C2970F4D}.Release|Any CPU.Build.0 = Release|Any CPU
		{F5CBC403-00B6-4156-9719-78081997B25D}.Debug|Any CPU.ActiveCfg = Debug|Any CPU
		{F5CBC403-00B6-4156-9719-78081997B25D}.Debug|Any CPU.Build.0 = Debug|Any CPU
		{F5CBC403-00B6-4156-9719-78081997B25D}.Release|Any CPU.ActiveCfg = Release|Any CPU
		{F5CBC403-00B6-4156-9719-78081997B25D}.Release|Any CPU.Build.0 = Release|Any CPU
		{A4BAC7F8-8472-4E07-93F9-49D3B91B49AA}.Debug|Any CPU.ActiveCfg = Debug|Any CPU
		{A4BAC7F8-8472-4E07-93F9-49D3B91B49AA}.Debug|Any CPU.Build.0 = Debug|Any CPU
		{A4BAC7F8-8472-4E07-93F9-49D3B91B49AA}.Release|Any CPU.ActiveCfg = Release|Any CPU
		{A4BAC7F8-8472-4E07-93F9-49D3B91B49AA}.Release|Any CPU.Build.0 = Release|Any CPU
		{016CB702-19ED-4CBA-806E-29DABDB83653}.Debug|Any CPU.ActiveCfg = Debug|Any CPU
		{016CB702-19ED-4CBA-806E-29DABDB83653}.Debug|Any CPU.Build.0 = Debug|Any CPU
		{016CB702-19ED-4CBA-806E-29DABDB83653}.Release|Any CPU.ActiveCfg = Release|Any CPU
		{016CB702-19ED-4CBA-806E-29DABDB83653}.Release|Any CPU.Build.0 = Release|Any CPU
		{7333BE4F-8269-413B-82F6-FFAB7B6A4FCA}.Debug|Any CPU.ActiveCfg = Debug|Any CPU
		{7333BE4F-8269-413B-82F6-FFAB7B6A4FCA}.Debug|Any CPU.Build.0 = Debug|Any CPU
		{7333BE4F-8269-413B-82F6-FFAB7B6A4FCA}.Release|Any CPU.ActiveCfg = Release|Any CPU
		{7333BE4F-8269-413B-82F6-FFAB7B6A4FCA}.Release|Any CPU.Build.0 = Release|Any CPU
		{87D36B90-18EC-4686-8E40-5E2E3EE2FE43}.Debug|Any CPU.ActiveCfg = Debug|Any CPU
		{87D36B90-18EC-4686-8E40-5E2E3EE2FE43}.Debug|Any CPU.Build.0 = Debug|Any CPU
		{87D36B90-18EC-4686-8E40-5E2E3EE2FE43}.Release|Any CPU.ActiveCfg = Release|Any CPU
		{87D36B90-18EC-4686-8E40-5E2E3EE2FE43}.Release|Any CPU.Build.0 = Release|Any CPU
		{ABCC3DDB-FE99-4822-9551-6A24C9E63998}.Debug|Any CPU.ActiveCfg = Debug|Any CPU
		{ABCC3DDB-FE99-4822-9551-6A24C9E63998}.Debug|Any CPU.Build.0 = Debug|Any CPU
		{ABCC3DDB-FE99-4822-9551-6A24C9E63998}.Release|Any CPU.ActiveCfg = Release|Any CPU
		{ABCC3DDB-FE99-4822-9551-6A24C9E63998}.Release|Any CPU.Build.0 = Release|Any CPU
		{605AB381-D359-464D-9600-A45478B4FB69}.Debug|Any CPU.ActiveCfg = Debug|Any CPU
		{605AB381-D359-464D-9600-A45478B4FB69}.Debug|Any CPU.Build.0 = Debug|Any CPU
		{605AB381-D359-464D-9600-A45478B4FB69}.Release|Any CPU.ActiveCfg = Release|Any CPU
		{605AB381-D359-464D-9600-A45478B4FB69}.Release|Any CPU.Build.0 = Release|Any CPU
		{CB2D66A6-B67E-4F3A-AE4E-E08BFE025001}.Debug|Any CPU.ActiveCfg = Debug|Any CPU
		{CB2D66A6-B67E-4F3A-AE4E-E08BFE025001}.Debug|Any CPU.Build.0 = Debug|Any CPU
		{CB2D66A6-B67E-4F3A-AE4E-E08BFE025001}.Release|Any CPU.ActiveCfg = Release|Any CPU
		{CB2D66A6-B67E-4F3A-AE4E-E08BFE025001}.Release|Any CPU.Build.0 = Release|Any CPU
		{96FBE50C-DB2E-43F6-84F7-7F29481E889E}.Debug|Any CPU.ActiveCfg = Debug|Any CPU
		{96FBE50C-DB2E-43F6-84F7-7F29481E889E}.Debug|Any CPU.Build.0 = Debug|Any CPU
		{96FBE50C-DB2E-43F6-84F7-7F29481E889E}.Release|Any CPU.ActiveCfg = Release|Any CPU
		{96FBE50C-DB2E-43F6-84F7-7F29481E889E}.Release|Any CPU.Build.0 = Release|Any CPU
		{E9C28ACD-7807-423C-A0BD-C7369E46CCDA}.Debug|Any CPU.ActiveCfg = Debug|Any CPU
		{E9C28ACD-7807-423C-A0BD-C7369E46CCDA}.Debug|Any CPU.Build.0 = Debug|Any CPU
		{E9C28ACD-7807-423C-A0BD-C7369E46CCDA}.Release|Any CPU.ActiveCfg = Release|Any CPU
		{E9C28ACD-7807-423C-A0BD-C7369E46CCDA}.Release|Any CPU.Build.0 = Release|Any CPU
		{F03B95F0-6757-4FBD-887D-A7DDA95DEFCF}.Debug|Any CPU.ActiveCfg = Debug|Any CPU
		{F03B95F0-6757-4FBD-887D-A7DDA95DEFCF}.Debug|Any CPU.Build.0 = Debug|Any CPU
		{F03B95F0-6757-4FBD-887D-A7DDA95DEFCF}.Release|Any CPU.ActiveCfg = Release|Any CPU
		{F03B95F0-6757-4FBD-887D-A7DDA95DEFCF}.Release|Any CPU.Build.0 = Release|Any CPU
		{8CC82948-DF4B-4036-9183-2450F43911B2}.Debug|Any CPU.ActiveCfg = Debug|Any CPU
		{8CC82948-DF4B-4036-9183-2450F43911B2}.Debug|Any CPU.Build.0 = Debug|Any CPU
		{8CC82948-DF4B-4036-9183-2450F43911B2}.Release|Any CPU.ActiveCfg = Release|Any CPU
		{8CC82948-DF4B-4036-9183-2450F43911B2}.Release|Any CPU.Build.0 = Release|Any CPU
		{143EDF5C-5970-4EF9-82C5-E11F96DF701A}.Debug|Any CPU.ActiveCfg = Debug|Any CPU
		{143EDF5C-5970-4EF9-82C5-E11F96DF701A}.Debug|Any CPU.Build.0 = Debug|Any CPU
		{143EDF5C-5970-4EF9-82C5-E11F96DF701A}.Release|Any CPU.ActiveCfg = Release|Any CPU
		{143EDF5C-5970-4EF9-82C5-E11F96DF701A}.Release|Any CPU.Build.0 = Release|Any CPU
		{2CB3D6DB-B509-41B1-84F8-1AA13AA43101}.Debug|Any CPU.ActiveCfg = Debug|Any CPU
		{2CB3D6DB-B509-41B1-84F8-1AA13AA43101}.Debug|Any CPU.Build.0 = Debug|Any CPU
		{2CB3D6DB-B509-41B1-84F8-1AA13AA43101}.Release|Any CPU.ActiveCfg = Release|Any CPU
		{2CB3D6DB-B509-41B1-84F8-1AA13AA43101}.Release|Any CPU.Build.0 = Release|Any CPU
		{DC616BF5-7555-4972-99DC-71E208FA3C82}.Debug|Any CPU.ActiveCfg = Debug|Any CPU
		{DC616BF5-7555-4972-99DC-71E208FA3C82}.Debug|Any CPU.Build.0 = Debug|Any CPU
		{DC616BF5-7555-4972-99DC-71E208FA3C82}.Release|Any CPU.ActiveCfg = Release|Any CPU
		{DC616BF5-7555-4972-99DC-71E208FA3C82}.Release|Any CPU.Build.0 = Release|Any CPU
		{AA4CE8C2-8F3B-403C-97FF-4AC09120BB30}.Debug|Any CPU.ActiveCfg = Debug|Any CPU
		{AA4CE8C2-8F3B-403C-97FF-4AC09120BB30}.Debug|Any CPU.Build.0 = Debug|Any CPU
		{AA4CE8C2-8F3B-403C-97FF-4AC09120BB30}.Release|Any CPU.ActiveCfg = Release|Any CPU
		{AA4CE8C2-8F3B-403C-97FF-4AC09120BB30}.Release|Any CPU.Build.0 = Release|Any CPU
		{B6B5E69E-F32C-45C0-9D69-6F7AE1B5CC74}.Debug|Any CPU.ActiveCfg = Debug|Any CPU
		{B6B5E69E-F32C-45C0-9D69-6F7AE1B5CC74}.Debug|Any CPU.Build.0 = Debug|Any CPU
		{B6B5E69E-F32C-45C0-9D69-6F7AE1B5CC74}.Release|Any CPU.ActiveCfg = Release|Any CPU
		{B6B5E69E-F32C-45C0-9D69-6F7AE1B5CC74}.Release|Any CPU.Build.0 = Release|Any CPU
		{DC83E05E-6BD8-49B4-B133-87ADF186E432}.Debug|Any CPU.ActiveCfg = Debug|Any CPU
		{DC83E05E-6BD8-49B4-B133-87ADF186E432}.Debug|Any CPU.Build.0 = Debug|Any CPU
		{DC83E05E-6BD8-49B4-B133-87ADF186E432}.Release|Any CPU.ActiveCfg = Release|Any CPU
		{DC83E05E-6BD8-49B4-B133-87ADF186E432}.Release|Any CPU.Build.0 = Release|Any CPU
		{7D2893AE-B880-4AB1-9377-B508D4C0958C}.Debug|Any CPU.ActiveCfg = Debug|Any CPU
		{7D2893AE-B880-4AB1-9377-B508D4C0958C}.Debug|Any CPU.Build.0 = Debug|Any CPU
		{7D2893AE-B880-4AB1-9377-B508D4C0958C}.Release|Any CPU.ActiveCfg = Release|Any CPU
		{7D2893AE-B880-4AB1-9377-B508D4C0958C}.Release|Any CPU.Build.0 = Release|Any CPU
	EndGlobalSection
	GlobalSection(SolutionProperties) = preSolution
		HideSolutionNode = FALSE
	EndGlobalSection
	GlobalSection(NestedProjects) = preSolution
		{0B9D2BD0-2193-4FB0-A939-79B0AED2467F} = {7E4532E6-7928-4E6F-8874-15482508447F}
		{93B51CBC-F5DA-4303-85BD-EF1CDECAA612} = {7E4532E6-7928-4E6F-8874-15482508447F}
		{83FA1304-3CE4-4709-8DC4-ABC542A46F64} = {7E4532E6-7928-4E6F-8874-15482508447F}
		{00A9F1A9-7C66-45F4-B3C4-B26FA63ABB33} = {7E4532E6-7928-4E6F-8874-15482508447F}
		{3A89EAE8-84BB-4E58-B74A-AB6BC34219F3} = {4E906FCE-BF6F-44B0-8E8D-C3F6AFEE6874}
		{3E19F3B1-253D-43F2-9AA6-41DDE1E0787E} = {4E906FCE-BF6F-44B0-8E8D-C3F6AFEE6874}
		{C9D49D56-C3B7-48C0-9FF7-83392A31A302} = {4E906FCE-BF6F-44B0-8E8D-C3F6AFEE6874}
		{91E8159E-31F5-468D-B7E2-6B369D270A20} = {4E906FCE-BF6F-44B0-8E8D-C3F6AFEE6874}
		{A2836390-3423-42D0-B148-BE408E00B122} = {4E906FCE-BF6F-44B0-8E8D-C3F6AFEE6874}
		{879B0937-E80E-4E14-83ED-5D055AA0D528} = {2B0C7388-18D7-4E3C-8BDF-B7A414520615}
		{80B49469-0B0F-4D05-ADA6-09B73495AC91} = {2B0C7388-18D7-4E3C-8BDF-B7A414520615}
		{8CAC0AE2-E8C7-4452-9A11-F54264D20152} = {2B0C7388-18D7-4E3C-8BDF-B7A414520615}
		{1AEFEAB7-4292-46A8-8699-C5611AF8E353} = {2CDDC9CB-DC5E-4E43-9C6C-DBC379581B34}
		{94422BB0-2426-4FA2-B9C4-29F94A3CAD7F} = {2A028EC5-0824-4120-91A0-988F6AADE81C}
		{85AB536F-8852-40FB-BCB5-6CFE666630D4} = {2A028EC5-0824-4120-91A0-988F6AADE81C}
		{40DB0F5D-BB65-4027-B0A2-682628455D6A} = {2A028EC5-0824-4120-91A0-988F6AADE81C}
		{44061547-D707-4ABB-8A37-72B9A5F9C3C7} = {94422BB0-2426-4FA2-B9C4-29F94A3CAD7F}
		{A07DC816-C476-4EBA-BAFF-577B25BB009C} = {94422BB0-2426-4FA2-B9C4-29F94A3CAD7F}
		{C89B4340-499A-47F2-8008-D8CBB51918D2} = {85AB536F-8852-40FB-BCB5-6CFE666630D4}
		{48BE3392-8962-469E-A878-E6729523882D} = {85AB536F-8852-40FB-BCB5-6CFE666630D4}
		{3C7CBE00-6736-4F56-BAD9-E967BAAFFC30} = {85AB536F-8852-40FB-BCB5-6CFE666630D4}
		{2DFBE5B9-BC50-41E9-A745-262966B61740} = {40DB0F5D-BB65-4027-B0A2-682628455D6A}
		{236A8EA6-96DD-496D-B65B-A5A35C66F6EE} = {40DB0F5D-BB65-4027-B0A2-682628455D6A}
		{E68A9169-63D0-4913-BE05-54A9BCA38E82} = {94422BB0-2426-4FA2-B9C4-29F94A3CAD7F}
		{CDEB001F-0AAA-4575-93CC-70E4997CFAE2} = {85AB536F-8852-40FB-BCB5-6CFE666630D4}
		{0D040153-2183-4D25-861D-B3AD74953A4E} = {64E386BD-81E7-4778-901E-90055EC9DDD3}
		{10A70DD1-20E3-42C7-8D98-AD11C2970F4D} = {64E386BD-81E7-4778-901E-90055EC9DDD3}
		{F5CBC403-00B6-4156-9719-78081997B25D} = {64E386BD-81E7-4778-901E-90055EC9DDD3}
		{A4BAC7F8-8472-4E07-93F9-49D3B91B49AA} = {242744A0-4C9B-4B89-9AC0-4188D186D4D2}
		{016CB702-19ED-4CBA-806E-29DABDB83653} = {242744A0-4C9B-4B89-9AC0-4188D186D4D2}
		{7333BE4F-8269-413B-82F6-FFAB7B6A4FCA} = {242744A0-4C9B-4B89-9AC0-4188D186D4D2}
		{87D36B90-18EC-4686-8E40-5E2E3EE2FE43} = {242744A0-4C9B-4B89-9AC0-4188D186D4D2}
		{ABCC3DDB-FE99-4822-9551-6A24C9E63998} = {242744A0-4C9B-4B89-9AC0-4188D186D4D2}
		{605AB381-D359-464D-9600-A45478B4FB69} = {242744A0-4C9B-4B89-9AC0-4188D186D4D2}
		{CB2D66A6-B67E-4F3A-AE4E-E08BFE025001} = {242744A0-4C9B-4B89-9AC0-4188D186D4D2}
		{96FBE50C-DB2E-43F6-84F7-7F29481E889E} = {242744A0-4C9B-4B89-9AC0-4188D186D4D2}
		{E9C28ACD-7807-423C-A0BD-C7369E46CCDA} = {242744A0-4C9B-4B89-9AC0-4188D186D4D2}
		{F03B95F0-6757-4FBD-887D-A7DDA95DEFCF} = {29D9A408-E435-410E-86C8-D7A7D3936908}
		{8CC82948-DF4B-4036-9183-2450F43911B2} = {AA656CE2-0BA6-49F0-AD4A-B54BA52DADE5}
		{143EDF5C-5970-4EF9-82C5-E11F96DF701A} = {FD0D3A59-9D7D-4C4F-B67F-C779EC7CBEB7}
		{2CB3D6DB-B509-41B1-84F8-1AA13AA43101} = {AA656CE2-0BA6-49F0-AD4A-B54BA52DADE5}
		{DC616BF5-7555-4972-99DC-71E208FA3C82} = {FD0D3A59-9D7D-4C4F-B67F-C779EC7CBEB7}
		{31FC611F-42BE-4506-AEF5-89BB59963695} = {2CDDC9CB-DC5E-4E43-9C6C-DBC379581B34}
		{B2D4CDAA-BC63-45DC-95E4-57A78FEF3DF0} = {31FC611F-42BE-4506-AEF5-89BB59963695}
		{AA4CE8C2-8F3B-403C-97FF-4AC09120BB30} = {40DB0F5D-BB65-4027-B0A2-682628455D6A}
		{B6B5E69E-F32C-45C0-9D69-6F7AE1B5CC74} = {242744A0-4C9B-4B89-9AC0-4188D186D4D2}
		{DC83E05E-6BD8-49B4-B133-87ADF186E432} = {40DB0F5D-BB65-4027-B0A2-682628455D6A}
		{7D2893AE-B880-4AB1-9377-B508D4C0958C} = {94422BB0-2426-4FA2-B9C4-29F94A3CAD7F}
	EndGlobalSection
	GlobalSection(ExtensibilityGlobals) = postSolution
		SolutionGuid = {DEAA90E2-A175-4FAA-99F1-30B64D8D3125}
	EndGlobalSection
EndGlobal
